// !$*UTF8*$!
{
	archiveVersion = 1;
	classes = {
	};
	objectVersion = 56;
	objects = {

/* Begin PBXBuildFile section */
		7E2472512CFBAB390078619E /* OrdersViewController.swift in Sources */ = {isa = PBXBuildFile; fileRef = 7E2472502CFBAB390078619E /* OrdersViewController.swift */; };
		7E2472532CFBAB590078619E /* OrdersViewController+TableView.swift in Sources */ = {isa = PBXBuildFile; fileRef = 7E2472522CFBAB590078619E /* OrdersViewController+TableView.swift */; };
		7E2472552CFBBD970078619E /* OrderDetailViewController.swift in Sources */ = {isa = PBXBuildFile; fileRef = 7E2472542CFBBD970078619E /* OrderDetailViewController.swift */; };
		7E2472572CFC627A0078619E /* OrdersViewModel.swift in Sources */ = {isa = PBXBuildFile; fileRef = 7E2472562CFC627A0078619E /* OrdersViewModel.swift */; };
		7E2B93F62CFF828D00D84BB0 /* ProfileViewController.swift in Sources */ = {isa = PBXBuildFile; fileRef = 7E2B93F52CFF828D00D84BB0 /* ProfileViewController.swift */; };
		7E2B93F82CFF830100D84BB0 /* ProfileViewModel.swift in Sources */ = {isa = PBXBuildFile; fileRef = 7E2B93F72CFF830100D84BB0 /* ProfileViewModel.swift */; };
		7E2B93FA2CFF832600D84BB0 /* ProfileModel.swift in Sources */ = {isa = PBXBuildFile; fileRef = 7E2B93F92CFF832600D84BB0 /* ProfileModel.swift */; };
		7E65B2262CFCF8C800A57E67 /* OrderDetail.swift in Sources */ = {isa = PBXBuildFile; fileRef = 7E65B2252CFCF8C800A57E67 /* OrderDetail.swift */; };
		7E8FB72C2CFB43EB005AA2E4 /* OrdersTableViewCell.swift in Sources */ = {isa = PBXBuildFile; fileRef = 7E8FB72A2CFB43EB005AA2E4 /* OrdersTableViewCell.swift */; };
		7E8FB72D2CFB43EB005AA2E4 /* OrdersTableViewCell.xib in Resources */ = {isa = PBXBuildFile; fileRef = 7E8FB72B2CFB43EB005AA2E4 /* OrdersTableViewCell.xib */; };
		C301F7762CFA60AC000E7B99 /* DetailViewModel.swift in Sources */ = {isa = PBXBuildFile; fileRef = C301F7752CFA60AC000E7B99 /* DetailViewModel.swift */; };
		C301F7782CFA6542000E7B99 /* MoreViewController+Search.swift in Sources */ = {isa = PBXBuildFile; fileRef = C301F7772CFA6542000E7B99 /* MoreViewController+Search.swift */; };
		C30797202D80B84E00591F70 /* CartViewController.swift in Sources */ = {isa = PBXBuildFile; fileRef = C307971F2D80B84E00591F70 /* CartViewController.swift */; };
		C314AE142D81D40400FF03C3 /* CartViewModel.swift in Sources */ = {isa = PBXBuildFile; fileRef = C314AE132D81D3FF00FF03C3 /* CartViewModel.swift */; };
		C31B833D2D75008A005D37C9 /* ChangePasswordViewController.swift in Sources */ = {isa = PBXBuildFile; fileRef = C31B833C2D75008A005D37C9 /* ChangePasswordViewController.swift */; };
		C31B833F2D7500DE005D37C9 /* ChangePasswordViewModel.swift in Sources */ = {isa = PBXBuildFile; fileRef = C31B833E2D7500D9005D37C9 /* ChangePasswordViewModel.swift */; };
		C31C06BE2D74D24E00617FC6 /* EditProfileViewController.swift in Sources */ = {isa = PBXBuildFile; fileRef = C31C06BD2D74D24E00617FC6 /* EditProfileViewController.swift */; };
		C31C06C02D74D27C00617FC6 /* EditProfileViewModel.swift in Sources */ = {isa = PBXBuildFile; fileRef = C31C06BF2D74D27700617FC6 /* EditProfileViewModel.swift */; };
		C320E2EA2D075C85004C6122 /* UIViewController+Extension.swift in Sources */ = {isa = PBXBuildFile; fileRef = C320E2E92D075C85004C6122 /* UIViewController+Extension.swift */; };
		C328A0742D7DC33000E5172A /* NVActivityIndicatorViewExtended in Frameworks */ = {isa = PBXBuildFile; productRef = C35F6B772D5506CC00DBB7EA /* NVActivityIndicatorViewExtended */; };
		C328A0802D7DE3F400E5172A /* MapDesignCategories.swift in Sources */ = {isa = PBXBuildFile; fileRef = C328A07F2D7DE3E600E5172A /* MapDesignCategories.swift */; };
		C32CBEF82CF89C990016F444 /* UIView+Extension.swift in Sources */ = {isa = PBXBuildFile; fileRef = C32CBEF72CF89C990016F444 /* UIView+Extension.swift */; };
		C32CBEFA2CF8A2110016F444 /* Users.swift in Sources */ = {isa = PBXBuildFile; fileRef = C32CBEF92CF8A2110016F444 /* Users.swift */; };
		C32CBEFC2CF8AB880016F444 /* UserManager.swift in Sources */ = {isa = PBXBuildFile; fileRef = C32CBEFB2CF8AB880016F444 /* UserManager.swift */; };
		C32D6C432D50F55D002CD677 /* Restaurant.swift in Sources */ = {isa = PBXBuildFile; fileRef = C32D6C422D50F54F002CD677 /* Restaurant.swift */; };
		C32D6C462D510B0B002CD677 /* CustomError.swift in Sources */ = {isa = PBXBuildFile; fileRef = C32D6C452D510B06002CD677 /* CustomError.swift */; };
		C3395A822D6B3A7400461A5E /* UserCreditCards.swift in Sources */ = {isa = PBXBuildFile; fileRef = C3395A812D6B3A6E00461A5E /* UserCreditCards.swift */; };
		C3395A842D6B408800461A5E /* CreditCardValidation.swift in Sources */ = {isa = PBXBuildFile; fileRef = C3395A832D6B407E00461A5E /* CreditCardValidation.swift */; };
		C3395A882D6B4B4E00461A5E /* AddCardViewController.swift in Sources */ = {isa = PBXBuildFile; fileRef = C3395A872D6B4B4E00461A5E /* AddCardViewController.swift */; };
		C3395A8B2D6B4B8800461A5E /* AddCardViewModel.swift in Sources */ = {isa = PBXBuildFile; fileRef = C3395A8A2D6B4B8700461A5E /* AddCardViewModel.swift */; };
		C3395A912D6BA76900461A5E /* JVFloatLabeledTextField in Frameworks */ = {isa = PBXBuildFile; productRef = C3395A902D6BA76900461A5E /* JVFloatLabeledTextField */; };
		C345DE6B2D8CB57200EE6323 /* CartViewController+TableView.swift in Sources */ = {isa = PBXBuildFile; fileRef = C345DE6A2D8CB56E00EE6323 /* CartViewController+TableView.swift */; };
		C345DE6E2D8CB61800EE6323 /* CartTableViewCell.swift in Sources */ = {isa = PBXBuildFile; fileRef = C345DE6C2D8CB61800EE6323 /* CartTableViewCell.swift */; };
		C345DE6F2D8CB61800EE6323 /* CartTableViewCell.xib in Resources */ = {isa = PBXBuildFile; fileRef = C345DE6D2D8CB61800EE6323 /* CartTableViewCell.xib */; };
		C35A4E0C2D751A0900C95440 /* HiddenPassword+UITextField.swift in Sources */ = {isa = PBXBuildFile; fileRef = C35A4E0B2D7519FE00C95440 /* HiddenPassword+UITextField.swift */; };
		C35F6B762D5506CC00DBB7EA /* NVActivityIndicatorView in Frameworks */ = {isa = PBXBuildFile; productRef = C35F6B752D5506CC00DBB7EA /* NVActivityIndicatorView */; };
		C35F6B7A2D550CBF00DBB7EA /* LoadingIndicator.swift in Sources */ = {isa = PBXBuildFile; fileRef = C35F6B792D550CBC00DBB7EA /* LoadingIndicator.swift */; };
		C3657B5E2D4D0C160003918D /* NetworkManager+Request.swift in Sources */ = {isa = PBXBuildFile; fileRef = C3657B5D2D4D0C160003918D /* NetworkManager+Request.swift */; };
		C3657B622D4D20630003918D /* DateFormatter.swift in Sources */ = {isa = PBXBuildFile; fileRef = C3657B612D4D20600003918D /* DateFormatter.swift */; };
		C3657B662D4D258E0003918D /* FirebaseAuth in Frameworks */ = {isa = PBXBuildFile; productRef = C3657B652D4D258E0003918D /* FirebaseAuth */; };
		C3657B682D4D258E0003918D /* FirebaseCore in Frameworks */ = {isa = PBXBuildFile; productRef = C3657B672D4D258E0003918D /* FirebaseCore */; };
		C3657B6A2D4D258E0003918D /* FirebaseDatabase in Frameworks */ = {isa = PBXBuildFile; productRef = C3657B692D4D258E0003918D /* FirebaseDatabase */; };
		C3657B6C2D4D258E0003918D /* FirebaseFirestore in Frameworks */ = {isa = PBXBuildFile; productRef = C3657B6B2D4D258E0003918D /* FirebaseFirestore */; };
		C3657B6E2D4D258E0003918D /* FirebaseStorage in Frameworks */ = {isa = PBXBuildFile; productRef = C3657B6D2D4D258E0003918D /* FirebaseStorage */; };
		C36C1B0C2CF657A3007A96B4 /* OrderCollectionViewCell.swift in Sources */ = {isa = PBXBuildFile; fileRef = C36C1B0A2CF657A3007A96B4 /* OrderCollectionViewCell.swift */; };
		C36C1B0D2CF657A3007A96B4 /* OrderCollectionViewCell.xib in Resources */ = {isa = PBXBuildFile; fileRef = C36C1B0B2CF657A3007A96B4 /* OrderCollectionViewCell.xib */; };
		C36D3EA12CF34534008FE62B /* AppDelegate.swift in Sources */ = {isa = PBXBuildFile; fileRef = C36D3EA02CF34534008FE62B /* AppDelegate.swift */; };
		C36D3EA32CF34534008FE62B /* SceneDelegate.swift in Sources */ = {isa = PBXBuildFile; fileRef = C36D3EA22CF34534008FE62B /* SceneDelegate.swift */; };
		C36D3EA52CF34534008FE62B /* HomeViewController.swift in Sources */ = {isa = PBXBuildFile; fileRef = C36D3EA42CF34534008FE62B /* HomeViewController.swift */; };
		C36D3EA82CF34534008FE62B /* Base in Resources */ = {isa = PBXBuildFile; fileRef = C36D3EA72CF34534008FE62B /* Base */; };
		C36D3EAA2CF34535008FE62B /* Assets.xcassets in Resources */ = {isa = PBXBuildFile; fileRef = C36D3EA92CF34535008FE62B /* Assets.xcassets */; };
		C36D3EAD2CF34535008FE62B /* Base in Resources */ = {isa = PBXBuildFile; fileRef = C36D3EAC2CF34535008FE62B /* Base */; };
		C36D3EC22CF34C4A008FE62B /* HomeViewModel.swift in Sources */ = {isa = PBXBuildFile; fileRef = C36D3EC12CF34C4A008FE62B /* HomeViewModel.swift */; };
		C36D3EC52CF353E3008FE62B /* LoginViewController.swift in Sources */ = {isa = PBXBuildFile; fileRef = C36D3EC42CF353E3008FE62B /* LoginViewController.swift */; };
		C36D3EC92CF3540B008FE62B /* LoginViewModel.swift in Sources */ = {isa = PBXBuildFile; fileRef = C36D3EC82CF3540B008FE62B /* LoginViewModel.swift */; };
		C36D3ECE2CF356ED008FE62B /* GoogleService-Info.plist in Resources */ = {isa = PBXBuildFile; fileRef = C36D3ECD2CF356ED008FE62B /* GoogleService-Info.plist */; };
		C36D3EF92CF36251008FE62B /* RegisterViewController.swift in Sources */ = {isa = PBXBuildFile; fileRef = C36D3EF82CF36251008FE62B /* RegisterViewController.swift */; };
		C36D3EFC2CF36267008FE62B /* RegisterViewModel.swift in Sources */ = {isa = PBXBuildFile; fileRef = C36D3EFB2CF36267008FE62B /* RegisterViewModel.swift */; };
		C36D3EFF2CF36286008FE62B /* PassResViewController.swift in Sources */ = {isa = PBXBuildFile; fileRef = C36D3EFE2CF36286008FE62B /* PassResViewController.swift */; };
		C36D3F022CF3629E008FE62B /* PassResViewModel.swift in Sources */ = {isa = PBXBuildFile; fileRef = C36D3F012CF3629E008FE62B /* PassResViewModel.swift */; };
		C3766BEB2D6A6B9200E75ABE /* ManageCardViewController+TableView.swift in Sources */ = {isa = PBXBuildFile; fileRef = C3766BEA2D6A6B8900E75ABE /* ManageCardViewController+TableView.swift */; };
		C3766BF02D6A6C2400E75ABE /* ManageCardTableViewCell.xib in Resources */ = {isa = PBXBuildFile; fileRef = C3766BEF2D6A6C2400E75ABE /* ManageCardTableViewCell.xib */; };
		C3766BF12D6A6C2400E75ABE /* ManageCardTableViewCell.swift in Sources */ = {isa = PBXBuildFile; fileRef = C3766BEE2D6A6C2400E75ABE /* ManageCardTableViewCell.swift */; };
		C3766BF62D6A80F600E75ABE /* AddManageCardTableViewCell.xib in Resources */ = {isa = PBXBuildFile; fileRef = C3766BF52D6A80F600E75ABE /* AddManageCardTableViewCell.xib */; };
		C3766BF72D6A80F600E75ABE /* AddManageCardTableViewCell.swift in Sources */ = {isa = PBXBuildFile; fileRef = C3766BF42D6A80F600E75ABE /* AddManageCardTableViewCell.swift */; };
		C37B42562CF4E41500A03C4D /* NetworkManager+Response.swift in Sources */ = {isa = PBXBuildFile; fileRef = C37B42552CF4E41500A03C4D /* NetworkManager+Response.swift */; };
		C37E487C2D760CC500B8B1E1 /* MapScreenViewController+MapView.swift in Sources */ = {isa = PBXBuildFile; fileRef = C37E487B2D760CB700B8B1E1 /* MapScreenViewController+MapView.swift */; };
		C38469172D6BB97E001E37C2 /* AddCardViewController+TextField.swift in Sources */ = {isa = PBXBuildFile; fileRef = C38469162D6BB96F001E37C2 /* AddCardViewController+TextField.swift */; };
		C38901A52D525337004522F7 /* ProductDetails.swift in Sources */ = {isa = PBXBuildFile; fileRef = C38901A42D525332004522F7 /* ProductDetails.swift */; };
		C3969FD02D786D3000CA68FE /* MapscreenViewContoller+CollectionView.swift in Sources */ = {isa = PBXBuildFile; fileRef = C3969FCF2D786D2600CA68FE /* MapscreenViewContoller+CollectionView.swift */; };
		C3969FD52D786E3F00CA68FE /* MapCollectionViewCell.xib in Resources */ = {isa = PBXBuildFile; fileRef = C3969FD42D786E3F00CA68FE /* MapCollectionViewCell.xib */; };
		C3969FD62D786E3F00CA68FE /* MapCollectionViewCell.swift in Sources */ = {isa = PBXBuildFile; fileRef = C3969FD32D786E3F00CA68FE /* MapCollectionViewCell.swift */; };
		C3986A062CFA60640085521A /* DetailViewController.swift in Sources */ = {isa = PBXBuildFile; fileRef = C3986A052CFA60640085521A /* DetailViewController.swift */; };
		C3A8D2CC2D8ECA12001E55DB /* DeliveryViewController.swift in Sources */ = {isa = PBXBuildFile; fileRef = C3A8D2CB2D8ECA12001E55DB /* DeliveryViewController.swift */; };
		C3A8D2CE2D8ECA3D001E55DB /* DeliveryViewModel.swift in Sources */ = {isa = PBXBuildFile; fileRef = C3A8D2CD2D8ECA37001E55DB /* DeliveryViewModel.swift */; };
		C3A8D2D02D8EFC26001E55DB /* CustomSegmentControl.swift in Sources */ = {isa = PBXBuildFile; fileRef = C3A8D2CF2D8EFC17001E55DB /* CustomSegmentControl.swift */; };
		C3A8D2D22D8F0CBB001E55DB /* DeliveryViewController+MapView.swift in Sources */ = {isa = PBXBuildFile; fileRef = C3A8D2D12D8F0CB4001E55DB /* DeliveryViewController+MapView.swift */; };
		C3ADE97F2D53A14D00278990 /* DetailViewController+MapView.swift in Sources */ = {isa = PBXBuildFile; fileRef = C3ADE97E2D53A14400278990 /* DetailViewController+MapView.swift */; };
		C3ADE9812D53B68200278990 /* RouterDistance.swift in Sources */ = {isa = PBXBuildFile; fileRef = C3ADE9802D53B67500278990 /* RouterDistance.swift */; };
		C3B21C882CF9EAF8005878F9 /* MoreViewController.swift in Sources */ = {isa = PBXBuildFile; fileRef = C3B21C872CF9EAF8005878F9 /* MoreViewController.swift */; };
		C3B21C8A2CF9EB02005878F9 /* MoreViewModel.swift in Sources */ = {isa = PBXBuildFile; fileRef = C3B21C892CF9EB02005878F9 /* MoreViewModel.swift */; };
		C3B21C8E2CF9ECCA005878F9 /* MoreViewController+TableView.swift in Sources */ = {isa = PBXBuildFile; fileRef = C3B21C8D2CF9ECCA005878F9 /* MoreViewController+TableView.swift */; };
		C3B21C912CF9ED3B005878F9 /* FoodTableViewCell.swift in Sources */ = {isa = PBXBuildFile; fileRef = C3B21C8F2CF9ED3B005878F9 /* FoodTableViewCell.swift */; };
		C3B21C922CF9ED3B005878F9 /* FoodTableViewCell.xib in Resources */ = {isa = PBXBuildFile; fileRef = C3B21C902CF9ED3B005878F9 /* FoodTableViewCell.xib */; };
		C3B394B12D69E87D007CD437 /* BorderAndShadow.swift in Sources */ = {isa = PBXBuildFile; fileRef = C3B394B02D69E873007CD437 /* BorderAndShadow.swift */; };
		C3B394B32D69F36B007CD437 /* DetailViewController+ScrollView.swift in Sources */ = {isa = PBXBuildFile; fileRef = C3B394B22D69F361007CD437 /* DetailViewController+ScrollView.swift */; };
		C3B394B52D69F3FC007CD437 /* OrderDetailViewController+ScrollView.swift in Sources */ = {isa = PBXBuildFile; fileRef = C3B394B42D69F3F2007CD437 /* OrderDetailViewController+ScrollView.swift */; };
		C3B394BA2D6A1B11007CD437 /* PDFHelper.swift in Sources */ = {isa = PBXBuildFile; fileRef = C3B394B92D6A1B04007CD437 /* PDFHelper.swift */; };
		C3B394BC2D6A29F2007CD437 /* ManageCardViewModel.swift in Sources */ = {isa = PBXBuildFile; fileRef = C3B394BB2D6A29EE007CD437 /* ManageCardViewModel.swift */; };
		C3B394C12D6A2A57007CD437 /* ManageCardViewController.swift in Sources */ = {isa = PBXBuildFile; fileRef = C3B394C02D6A2A57007CD437 /* ManageCardViewController.swift */; };
		C3B394C32D6A2E87007CD437 /* Alert.swift in Sources */ = {isa = PBXBuildFile; fileRef = C3B394C22D6A2E85007CD437 /* Alert.swift */; };
		C3B4EF792D0DD788002AD314 /* OrderDetailViewModel.swift in Sources */ = {isa = PBXBuildFile; fileRef = C3B4EF782D0DD788002AD314 /* OrderDetailViewModel.swift */; };
		C3BB4BE32D4D2B3400A1057E /* Kingfisher in Frameworks */ = {isa = PBXBuildFile; productRef = C3BB4BE22D4D2B3400A1057E /* Kingfisher */; };
		C3BCF0DB2D7F1D6200FC5A5C /* CartManager.swift in Sources */ = {isa = PBXBuildFile; fileRef = C3BCF0DA2D7F1D5E00FC5A5C /* CartManager.swift */; };
		C3BCF0DD2D7F260B00FC5A5C /* UserDefaultsManager.swift in Sources */ = {isa = PBXBuildFile; fileRef = C3BCF0DC2D7F260B00FC5A5C /* UserDefaultsManager.swift */; };
		C3C6FDD22CFCFE820045DEDE /* LineView.swift in Sources */ = {isa = PBXBuildFile; fileRef = C3C6FDD12CFCFE820045DEDE /* LineView.swift */; };
		C3C6FDD62CFD05A60045DEDE /* FilterViewController.swift in Sources */ = {isa = PBXBuildFile; fileRef = C3C6FDD52CFD05A60045DEDE /* FilterViewController.swift */; };
		C3C6FDDB2CFDE56E0045DEDE /* BottomSheetViewController.swift in Sources */ = {isa = PBXBuildFile; fileRef = C3C6FDDA2CFDE56E0045DEDE /* BottomSheetViewController.swift */; };
		C3C6FDDE2CFE19A20045DEDE /* BottomSheetViewModel.swift in Sources */ = {isa = PBXBuildFile; fileRef = C3C6FDDD2CFE19A20045DEDE /* BottomSheetViewModel.swift */; };
		C3C6FDE12CFE1A220045DEDE /* BottomSheetViewController+TableView.swift in Sources */ = {isa = PBXBuildFile; fileRef = C3C6FDE02CFE1A220045DEDE /* BottomSheetViewController+TableView.swift */; };
		C3C6FDE42CFE25A00045DEDE /* FilterViewModel.swift in Sources */ = {isa = PBXBuildFile; fileRef = C3C6FDE32CFE25A00045DEDE /* FilterViewModel.swift */; };
		C3C6FDE62CFE44A50045DEDE /* MoreViewController+ScrollView.swift in Sources */ = {isa = PBXBuildFile; fileRef = C3C6FDE52CFE44A50045DEDE /* MoreViewController+ScrollView.swift */; };
		C3E482ED2D08998500C28240 /* Product.swift in Sources */ = {isa = PBXBuildFile; fileRef = C3E482EC2D08998500C28240 /* Product.swift */; };
		C3E482EF2D0A266000C28240 /* HomeViewController+MapView.swift in Sources */ = {isa = PBXBuildFile; fileRef = C3E482EE2D0A266000C28240 /* HomeViewController+MapView.swift */; };
		C3EAD8442D4E705500CD49CE /* MapScreenViewController.swift in Sources */ = {isa = PBXBuildFile; fileRef = C3EAD8432D4E705500CD49CE /* MapScreenViewController.swift */; };
		C3EAD8462D4E708000CD49CE /* MapScreenViewModel.swift in Sources */ = {isa = PBXBuildFile; fileRef = C3EAD8452D4E708000CD49CE /* MapScreenViewModel.swift */; };
		C3EAD8482D4E732F00CD49CE /* LocationManager.swift in Sources */ = {isa = PBXBuildFile; fileRef = C3EAD8472D4E732C00CD49CE /* LocationManager.swift */; };
		C3EDEE922D8E159400337540 /* BadgeManager.swift in Sources */ = {isa = PBXBuildFile; fileRef = C3EDEE912D8E158F00337540 /* BadgeManager.swift */; };
		C3FDC2C42CF7A5F0001BD056 /* HomeViewController+CollectionView.swift in Sources */ = {isa = PBXBuildFile; fileRef = C3FDC2C32CF7A5F0001BD056 /* HomeViewController+CollectionView.swift */; };
		C3FE32D62D849E4B00F16777 /* DashedLine.swift in Sources */ = {isa = PBXBuildFile; fileRef = C3FE32D52D849E4500F16777 /* DashedLine.swift */; };
		C3FFDE4F2D64B24D00FF6296 /* FormatDouble.swift in Sources */ = {isa = PBXBuildFile; fileRef = C3FFDE4E2D64B24800FF6296 /* FormatDouble.swift */; };
		C3FFDE512D65EA8A00FF6296 /* UserOrder.swift in Sources */ = {isa = PBXBuildFile; fileRef = C3FFDE502D65EA8500FF6296 /* UserOrder.swift */; };
/* End PBXBuildFile section */

/* Begin PBXFileReference section */
		7E2472502CFBAB390078619E /* OrdersViewController.swift */ = {isa = PBXFileReference; lastKnownFileType = sourcecode.swift; path = OrdersViewController.swift; sourceTree = "<group>"; };
		7E2472522CFBAB590078619E /* OrdersViewController+TableView.swift */ = {isa = PBXFileReference; lastKnownFileType = sourcecode.swift; path = "OrdersViewController+TableView.swift"; sourceTree = "<group>"; };
		7E2472542CFBBD970078619E /* OrderDetailViewController.swift */ = {isa = PBXFileReference; lastKnownFileType = sourcecode.swift; path = OrderDetailViewController.swift; sourceTree = "<group>"; };
		7E2472562CFC627A0078619E /* OrdersViewModel.swift */ = {isa = PBXFileReference; lastKnownFileType = sourcecode.swift; path = OrdersViewModel.swift; sourceTree = "<group>"; };
		7E2B93F52CFF828D00D84BB0 /* ProfileViewController.swift */ = {isa = PBXFileReference; lastKnownFileType = sourcecode.swift; path = ProfileViewController.swift; sourceTree = "<group>"; };
		7E2B93F72CFF830100D84BB0 /* ProfileViewModel.swift */ = {isa = PBXFileReference; lastKnownFileType = sourcecode.swift; path = ProfileViewModel.swift; sourceTree = "<group>"; };
		7E2B93F92CFF832600D84BB0 /* ProfileModel.swift */ = {isa = PBXFileReference; lastKnownFileType = sourcecode.swift; path = ProfileModel.swift; sourceTree = "<group>"; };
		7E65B2252CFCF8C800A57E67 /* OrderDetail.swift */ = {isa = PBXFileReference; lastKnownFileType = sourcecode.swift; path = OrderDetail.swift; sourceTree = "<group>"; };
		7E8FB72A2CFB43EB005AA2E4 /* OrdersTableViewCell.swift */ = {isa = PBXFileReference; lastKnownFileType = sourcecode.swift; path = OrdersTableViewCell.swift; sourceTree = "<group>"; };
		7E8FB72B2CFB43EB005AA2E4 /* OrdersTableViewCell.xib */ = {isa = PBXFileReference; lastKnownFileType = file.xib; path = OrdersTableViewCell.xib; sourceTree = "<group>"; };
		C301F7752CFA60AC000E7B99 /* DetailViewModel.swift */ = {isa = PBXFileReference; lastKnownFileType = sourcecode.swift; path = DetailViewModel.swift; sourceTree = "<group>"; };
		C301F7772CFA6542000E7B99 /* MoreViewController+Search.swift */ = {isa = PBXFileReference; lastKnownFileType = sourcecode.swift; path = "MoreViewController+Search.swift"; sourceTree = "<group>"; };
		C307971F2D80B84E00591F70 /* CartViewController.swift */ = {isa = PBXFileReference; lastKnownFileType = sourcecode.swift; path = CartViewController.swift; sourceTree = "<group>"; };
		C314AE132D81D3FF00FF03C3 /* CartViewModel.swift */ = {isa = PBXFileReference; lastKnownFileType = sourcecode.swift; path = CartViewModel.swift; sourceTree = "<group>"; };
		C31B833C2D75008A005D37C9 /* ChangePasswordViewController.swift */ = {isa = PBXFileReference; lastKnownFileType = sourcecode.swift; path = ChangePasswordViewController.swift; sourceTree = "<group>"; };
		C31B833E2D7500D9005D37C9 /* ChangePasswordViewModel.swift */ = {isa = PBXFileReference; lastKnownFileType = sourcecode.swift; path = ChangePasswordViewModel.swift; sourceTree = "<group>"; };
		C31C06BD2D74D24E00617FC6 /* EditProfileViewController.swift */ = {isa = PBXFileReference; lastKnownFileType = sourcecode.swift; path = EditProfileViewController.swift; sourceTree = "<group>"; };
		C31C06BF2D74D27700617FC6 /* EditProfileViewModel.swift */ = {isa = PBXFileReference; lastKnownFileType = sourcecode.swift; path = EditProfileViewModel.swift; sourceTree = "<group>"; };
		C320E2E92D075C85004C6122 /* UIViewController+Extension.swift */ = {isa = PBXFileReference; lastKnownFileType = sourcecode.swift; path = "UIViewController+Extension.swift"; sourceTree = "<group>"; };
		C328A07F2D7DE3E600E5172A /* MapDesignCategories.swift */ = {isa = PBXFileReference; lastKnownFileType = sourcecode.swift; path = MapDesignCategories.swift; sourceTree = "<group>"; };
		C32CBEF72CF89C990016F444 /* UIView+Extension.swift */ = {isa = PBXFileReference; lastKnownFileType = sourcecode.swift; path = "UIView+Extension.swift"; sourceTree = "<group>"; };
		C32CBEF92CF8A2110016F444 /* Users.swift */ = {isa = PBXFileReference; lastKnownFileType = sourcecode.swift; path = Users.swift; sourceTree = "<group>"; };
		C32CBEFB2CF8AB880016F444 /* UserManager.swift */ = {isa = PBXFileReference; lastKnownFileType = sourcecode.swift; path = UserManager.swift; sourceTree = "<group>"; };
		C32D6C422D50F54F002CD677 /* Restaurant.swift */ = {isa = PBXFileReference; lastKnownFileType = sourcecode.swift; path = Restaurant.swift; sourceTree = "<group>"; };
		C32D6C452D510B06002CD677 /* CustomError.swift */ = {isa = PBXFileReference; lastKnownFileType = sourcecode.swift; path = CustomError.swift; sourceTree = "<group>"; };
		C3395A812D6B3A6E00461A5E /* UserCreditCards.swift */ = {isa = PBXFileReference; lastKnownFileType = sourcecode.swift; path = UserCreditCards.swift; sourceTree = "<group>"; };
		C3395A832D6B407E00461A5E /* CreditCardValidation.swift */ = {isa = PBXFileReference; lastKnownFileType = sourcecode.swift; path = CreditCardValidation.swift; sourceTree = "<group>"; };
		C3395A872D6B4B4E00461A5E /* AddCardViewController.swift */ = {isa = PBXFileReference; lastKnownFileType = sourcecode.swift; path = AddCardViewController.swift; sourceTree = "<group>"; };
		C3395A8A2D6B4B8700461A5E /* AddCardViewModel.swift */ = {isa = PBXFileReference; lastKnownFileType = sourcecode.swift; path = AddCardViewModel.swift; sourceTree = "<group>"; };
		C345DE6A2D8CB56E00EE6323 /* CartViewController+TableView.swift */ = {isa = PBXFileReference; lastKnownFileType = sourcecode.swift; path = "CartViewController+TableView.swift"; sourceTree = "<group>"; };
		C345DE6C2D8CB61800EE6323 /* CartTableViewCell.swift */ = {isa = PBXFileReference; lastKnownFileType = sourcecode.swift; path = CartTableViewCell.swift; sourceTree = "<group>"; };
		C345DE6D2D8CB61800EE6323 /* CartTableViewCell.xib */ = {isa = PBXFileReference; lastKnownFileType = file.xib; path = CartTableViewCell.xib; sourceTree = "<group>"; };
		C35A4E0B2D7519FE00C95440 /* HiddenPassword+UITextField.swift */ = {isa = PBXFileReference; lastKnownFileType = sourcecode.swift; path = "HiddenPassword+UITextField.swift"; sourceTree = "<group>"; };
		C35F6B792D550CBC00DBB7EA /* LoadingIndicator.swift */ = {isa = PBXFileReference; lastKnownFileType = sourcecode.swift; path = LoadingIndicator.swift; sourceTree = "<group>"; };
		C3657B5D2D4D0C160003918D /* NetworkManager+Request.swift */ = {isa = PBXFileReference; lastKnownFileType = sourcecode.swift; path = "NetworkManager+Request.swift"; sourceTree = "<group>"; };
		C3657B612D4D20600003918D /* DateFormatter.swift */ = {isa = PBXFileReference; lastKnownFileType = sourcecode.swift; path = DateFormatter.swift; sourceTree = "<group>"; };
		C36C1B0A2CF657A3007A96B4 /* OrderCollectionViewCell.swift */ = {isa = PBXFileReference; lastKnownFileType = sourcecode.swift; path = OrderCollectionViewCell.swift; sourceTree = "<group>"; };
		C36C1B0B2CF657A3007A96B4 /* OrderCollectionViewCell.xib */ = {isa = PBXFileReference; lastKnownFileType = file.xib; path = OrderCollectionViewCell.xib; sourceTree = "<group>"; };
		C36D3E9D2CF34534008FE62B /* CheapEats.app */ = {isa = PBXFileReference; explicitFileType = wrapper.application; includeInIndex = 0; path = CheapEats.app; sourceTree = BUILT_PRODUCTS_DIR; };
		C36D3EA02CF34534008FE62B /* AppDelegate.swift */ = {isa = PBXFileReference; lastKnownFileType = sourcecode.swift; path = AppDelegate.swift; sourceTree = "<group>"; };
		C36D3EA22CF34534008FE62B /* SceneDelegate.swift */ = {isa = PBXFileReference; lastKnownFileType = sourcecode.swift; path = SceneDelegate.swift; sourceTree = "<group>"; };
		C36D3EA42CF34534008FE62B /* HomeViewController.swift */ = {isa = PBXFileReference; lastKnownFileType = sourcecode.swift; path = HomeViewController.swift; sourceTree = "<group>"; };
		C36D3EA72CF34534008FE62B /* Base */ = {isa = PBXFileReference; lastKnownFileType = file.storyboard; name = Base; path = Base.lproj/Main.storyboard; sourceTree = "<group>"; };
		C36D3EA92CF34535008FE62B /* Assets.xcassets */ = {isa = PBXFileReference; lastKnownFileType = folder.assetcatalog; path = Assets.xcassets; sourceTree = "<group>"; };
		C36D3EAC2CF34535008FE62B /* Base */ = {isa = PBXFileReference; lastKnownFileType = file.storyboard; name = Base; path = Base.lproj/LaunchScreen.storyboard; sourceTree = "<group>"; };
		C36D3EAE2CF34535008FE62B /* Info.plist */ = {isa = PBXFileReference; lastKnownFileType = text.plist.xml; path = Info.plist; sourceTree = "<group>"; };
		C36D3EC12CF34C4A008FE62B /* HomeViewModel.swift */ = {isa = PBXFileReference; lastKnownFileType = sourcecode.swift; path = HomeViewModel.swift; sourceTree = "<group>"; };
		C36D3EC42CF353E3008FE62B /* LoginViewController.swift */ = {isa = PBXFileReference; lastKnownFileType = sourcecode.swift; path = LoginViewController.swift; sourceTree = "<group>"; };
		C36D3EC82CF3540B008FE62B /* LoginViewModel.swift */ = {isa = PBXFileReference; lastKnownFileType = sourcecode.swift; path = LoginViewModel.swift; sourceTree = "<group>"; };
		C36D3ECD2CF356ED008FE62B /* GoogleService-Info.plist */ = {isa = PBXFileReference; fileEncoding = 4; lastKnownFileType = text.plist.xml; path = "GoogleService-Info.plist"; sourceTree = "<group>"; };
		C36D3EF82CF36251008FE62B /* RegisterViewController.swift */ = {isa = PBXFileReference; lastKnownFileType = sourcecode.swift; path = RegisterViewController.swift; sourceTree = "<group>"; };
		C36D3EFB2CF36267008FE62B /* RegisterViewModel.swift */ = {isa = PBXFileReference; lastKnownFileType = sourcecode.swift; path = RegisterViewModel.swift; sourceTree = "<group>"; };
		C36D3EFE2CF36286008FE62B /* PassResViewController.swift */ = {isa = PBXFileReference; lastKnownFileType = sourcecode.swift; path = PassResViewController.swift; sourceTree = "<group>"; };
		C36D3F012CF3629E008FE62B /* PassResViewModel.swift */ = {isa = PBXFileReference; lastKnownFileType = sourcecode.swift; path = PassResViewModel.swift; sourceTree = "<group>"; };
		C3766BEA2D6A6B8900E75ABE /* ManageCardViewController+TableView.swift */ = {isa = PBXFileReference; lastKnownFileType = sourcecode.swift; path = "ManageCardViewController+TableView.swift"; sourceTree = "<group>"; };
		C3766BEE2D6A6C2400E75ABE /* ManageCardTableViewCell.swift */ = {isa = PBXFileReference; lastKnownFileType = sourcecode.swift; path = ManageCardTableViewCell.swift; sourceTree = "<group>"; };
		C3766BEF2D6A6C2400E75ABE /* ManageCardTableViewCell.xib */ = {isa = PBXFileReference; lastKnownFileType = file.xib; path = ManageCardTableViewCell.xib; sourceTree = "<group>"; };
		C3766BF42D6A80F600E75ABE /* AddManageCardTableViewCell.swift */ = {isa = PBXFileReference; lastKnownFileType = sourcecode.swift; path = AddManageCardTableViewCell.swift; sourceTree = "<group>"; };
		C3766BF52D6A80F600E75ABE /* AddManageCardTableViewCell.xib */ = {isa = PBXFileReference; lastKnownFileType = file.xib; path = AddManageCardTableViewCell.xib; sourceTree = "<group>"; };
		C37B42552CF4E41500A03C4D /* NetworkManager+Response.swift */ = {isa = PBXFileReference; lastKnownFileType = sourcecode.swift; path = "NetworkManager+Response.swift"; sourceTree = "<group>"; };
		C37E487B2D760CB700B8B1E1 /* MapScreenViewController+MapView.swift */ = {isa = PBXFileReference; lastKnownFileType = sourcecode.swift; path = "MapScreenViewController+MapView.swift"; sourceTree = "<group>"; };
		C38469162D6BB96F001E37C2 /* AddCardViewController+TextField.swift */ = {isa = PBXFileReference; lastKnownFileType = sourcecode.swift; path = "AddCardViewController+TextField.swift"; sourceTree = "<group>"; };
		C38901A42D525332004522F7 /* ProductDetails.swift */ = {isa = PBXFileReference; lastKnownFileType = sourcecode.swift; path = ProductDetails.swift; sourceTree = "<group>"; };
		C3969FCF2D786D2600CA68FE /* MapscreenViewContoller+CollectionView.swift */ = {isa = PBXFileReference; lastKnownFileType = sourcecode.swift; path = "MapscreenViewContoller+CollectionView.swift"; sourceTree = "<group>"; };
		C3969FD32D786E3F00CA68FE /* MapCollectionViewCell.swift */ = {isa = PBXFileReference; lastKnownFileType = sourcecode.swift; path = MapCollectionViewCell.swift; sourceTree = "<group>"; };
		C3969FD42D786E3F00CA68FE /* MapCollectionViewCell.xib */ = {isa = PBXFileReference; lastKnownFileType = file.xib; path = MapCollectionViewCell.xib; sourceTree = "<group>"; };
		C3986A052CFA60640085521A /* DetailViewController.swift */ = {isa = PBXFileReference; lastKnownFileType = sourcecode.swift; path = DetailViewController.swift; sourceTree = "<group>"; };
		C3A8D2CB2D8ECA12001E55DB /* DeliveryViewController.swift */ = {isa = PBXFileReference; lastKnownFileType = sourcecode.swift; path = DeliveryViewController.swift; sourceTree = "<group>"; };
		C3A8D2CD2D8ECA37001E55DB /* DeliveryViewModel.swift */ = {isa = PBXFileReference; lastKnownFileType = sourcecode.swift; path = DeliveryViewModel.swift; sourceTree = "<group>"; };
		C3A8D2CF2D8EFC17001E55DB /* CustomSegmentControl.swift */ = {isa = PBXFileReference; lastKnownFileType = sourcecode.swift; path = CustomSegmentControl.swift; sourceTree = "<group>"; };
		C3A8D2D12D8F0CB4001E55DB /* DeliveryViewController+MapView.swift */ = {isa = PBXFileReference; lastKnownFileType = sourcecode.swift; path = "DeliveryViewController+MapView.swift"; sourceTree = "<group>"; };
		C3ADE97E2D53A14400278990 /* DetailViewController+MapView.swift */ = {isa = PBXFileReference; lastKnownFileType = sourcecode.swift; path = "DetailViewController+MapView.swift"; sourceTree = "<group>"; };
		C3ADE9802D53B67500278990 /* RouterDistance.swift */ = {isa = PBXFileReference; lastKnownFileType = sourcecode.swift; path = RouterDistance.swift; sourceTree = "<group>"; };
		C3B21C872CF9EAF8005878F9 /* MoreViewController.swift */ = {isa = PBXFileReference; lastKnownFileType = sourcecode.swift; path = MoreViewController.swift; sourceTree = "<group>"; };
		C3B21C892CF9EB02005878F9 /* MoreViewModel.swift */ = {isa = PBXFileReference; lastKnownFileType = sourcecode.swift; path = MoreViewModel.swift; sourceTree = "<group>"; };
		C3B21C8D2CF9ECCA005878F9 /* MoreViewController+TableView.swift */ = {isa = PBXFileReference; lastKnownFileType = sourcecode.swift; path = "MoreViewController+TableView.swift"; sourceTree = "<group>"; };
		C3B21C8F2CF9ED3B005878F9 /* FoodTableViewCell.swift */ = {isa = PBXFileReference; lastKnownFileType = sourcecode.swift; path = FoodTableViewCell.swift; sourceTree = "<group>"; };
		C3B21C902CF9ED3B005878F9 /* FoodTableViewCell.xib */ = {isa = PBXFileReference; lastKnownFileType = file.xib; path = FoodTableViewCell.xib; sourceTree = "<group>"; };
		C3B394B02D69E873007CD437 /* BorderAndShadow.swift */ = {isa = PBXFileReference; lastKnownFileType = sourcecode.swift; path = BorderAndShadow.swift; sourceTree = "<group>"; };
		C3B394B22D69F361007CD437 /* DetailViewController+ScrollView.swift */ = {isa = PBXFileReference; lastKnownFileType = sourcecode.swift; path = "DetailViewController+ScrollView.swift"; sourceTree = "<group>"; };
		C3B394B42D69F3F2007CD437 /* OrderDetailViewController+ScrollView.swift */ = {isa = PBXFileReference; lastKnownFileType = sourcecode.swift; path = "OrderDetailViewController+ScrollView.swift"; sourceTree = "<group>"; };
		C3B394B92D6A1B04007CD437 /* PDFHelper.swift */ = {isa = PBXFileReference; lastKnownFileType = sourcecode.swift; path = PDFHelper.swift; sourceTree = "<group>"; };
		C3B394BB2D6A29EE007CD437 /* ManageCardViewModel.swift */ = {isa = PBXFileReference; lastKnownFileType = sourcecode.swift; path = ManageCardViewModel.swift; sourceTree = "<group>"; };
		C3B394C02D6A2A57007CD437 /* ManageCardViewController.swift */ = {isa = PBXFileReference; lastKnownFileType = sourcecode.swift; path = ManageCardViewController.swift; sourceTree = "<group>"; };
		C3B394C22D6A2E85007CD437 /* Alert.swift */ = {isa = PBXFileReference; lastKnownFileType = sourcecode.swift; path = Alert.swift; sourceTree = "<group>"; };
		C3B4EF782D0DD788002AD314 /* OrderDetailViewModel.swift */ = {isa = PBXFileReference; lastKnownFileType = sourcecode.swift; path = OrderDetailViewModel.swift; sourceTree = "<group>"; };
		C3BCF0DA2D7F1D5E00FC5A5C /* CartManager.swift */ = {isa = PBXFileReference; lastKnownFileType = sourcecode.swift; path = CartManager.swift; sourceTree = "<group>"; };
		C3BCF0DC2D7F260B00FC5A5C /* UserDefaultsManager.swift */ = {isa = PBXFileReference; lastKnownFileType = sourcecode.swift; path = UserDefaultsManager.swift; sourceTree = "<group>"; };
		C3C6FDD12CFCFE820045DEDE /* LineView.swift */ = {isa = PBXFileReference; lastKnownFileType = sourcecode.swift; path = LineView.swift; sourceTree = "<group>"; };
		C3C6FDD52CFD05A60045DEDE /* FilterViewController.swift */ = {isa = PBXFileReference; lastKnownFileType = sourcecode.swift; path = FilterViewController.swift; sourceTree = "<group>"; };
		C3C6FDDA2CFDE56E0045DEDE /* BottomSheetViewController.swift */ = {isa = PBXFileReference; lastKnownFileType = sourcecode.swift; path = BottomSheetViewController.swift; sourceTree = "<group>"; };
		C3C6FDDD2CFE19A20045DEDE /* BottomSheetViewModel.swift */ = {isa = PBXFileReference; lastKnownFileType = sourcecode.swift; path = BottomSheetViewModel.swift; sourceTree = "<group>"; };
		C3C6FDE02CFE1A220045DEDE /* BottomSheetViewController+TableView.swift */ = {isa = PBXFileReference; lastKnownFileType = sourcecode.swift; path = "BottomSheetViewController+TableView.swift"; sourceTree = "<group>"; };
		C3C6FDE32CFE25A00045DEDE /* FilterViewModel.swift */ = {isa = PBXFileReference; lastKnownFileType = sourcecode.swift; path = FilterViewModel.swift; sourceTree = "<group>"; };
		C3C6FDE52CFE44A50045DEDE /* MoreViewController+ScrollView.swift */ = {isa = PBXFileReference; lastKnownFileType = sourcecode.swift; path = "MoreViewController+ScrollView.swift"; sourceTree = "<group>"; };
		C3E482EC2D08998500C28240 /* Product.swift */ = {isa = PBXFileReference; lastKnownFileType = sourcecode.swift; path = Product.swift; sourceTree = "<group>"; };
		C3E482EE2D0A266000C28240 /* HomeViewController+MapView.swift */ = {isa = PBXFileReference; lastKnownFileType = sourcecode.swift; path = "HomeViewController+MapView.swift"; sourceTree = "<group>"; };
		C3EAD8432D4E705500CD49CE /* MapScreenViewController.swift */ = {isa = PBXFileReference; lastKnownFileType = sourcecode.swift; path = MapScreenViewController.swift; sourceTree = "<group>"; };
		C3EAD8452D4E708000CD49CE /* MapScreenViewModel.swift */ = {isa = PBXFileReference; lastKnownFileType = sourcecode.swift; path = MapScreenViewModel.swift; sourceTree = "<group>"; };
		C3EAD8472D4E732C00CD49CE /* LocationManager.swift */ = {isa = PBXFileReference; lastKnownFileType = sourcecode.swift; path = LocationManager.swift; sourceTree = "<group>"; };
		C3EDEE912D8E158F00337540 /* BadgeManager.swift */ = {isa = PBXFileReference; lastKnownFileType = sourcecode.swift; path = BadgeManager.swift; sourceTree = "<group>"; };
		C3FDC2C32CF7A5F0001BD056 /* HomeViewController+CollectionView.swift */ = {isa = PBXFileReference; lastKnownFileType = sourcecode.swift; path = "HomeViewController+CollectionView.swift"; sourceTree = "<group>"; };
		C3FE32D52D849E4500F16777 /* DashedLine.swift */ = {isa = PBXFileReference; lastKnownFileType = sourcecode.swift; path = DashedLine.swift; sourceTree = "<group>"; };
		C3FFDE4E2D64B24800FF6296 /* FormatDouble.swift */ = {isa = PBXFileReference; lastKnownFileType = sourcecode.swift; path = FormatDouble.swift; sourceTree = "<group>"; };
		C3FFDE502D65EA8500FF6296 /* UserOrder.swift */ = {isa = PBXFileReference; lastKnownFileType = sourcecode.swift; path = UserOrder.swift; sourceTree = "<group>"; };
/* End PBXFileReference section */

/* Begin PBXFrameworksBuildPhase section */
		C36D3E9A2CF34534008FE62B /* Frameworks */ = {
			isa = PBXFrameworksBuildPhase;
			buildActionMask = 2147483647;
			files = (
				C328A0742D7DC33000E5172A /* NVActivityIndicatorViewExtended in Frameworks */,
				C3BB4BE32D4D2B3400A1057E /* Kingfisher in Frameworks */,
				C3395A912D6BA76900461A5E /* JVFloatLabeledTextField in Frameworks */,
				C3657B6A2D4D258E0003918D /* FirebaseDatabase in Frameworks */,
				C35F6B762D5506CC00DBB7EA /* NVActivityIndicatorView in Frameworks */,
				C3657B6C2D4D258E0003918D /* FirebaseFirestore in Frameworks */,
				C3657B682D4D258E0003918D /* FirebaseCore in Frameworks */,
				C3657B6E2D4D258E0003918D /* FirebaseStorage in Frameworks */,
				C3657B662D4D258E0003918D /* FirebaseAuth in Frameworks */,
			);
			runOnlyForDeploymentPostprocessing = 0;
		};
/* End PBXFrameworksBuildPhase section */

/* Begin PBXGroup section */
		C314AE152D81D48A00FF03C3 /* Cart */ = {
			isa = PBXGroup;
			children = (
				C307971F2D80B84E00591F70 /* CartViewController.swift */,
				C345DE6A2D8CB56E00EE6323 /* CartViewController+TableView.swift */,
				C3A8D2C72D8EC9BF001E55DB /* Delivery */,
				C3A8D2C82D8EC9E4001E55DB /* Payment */,
			);
			path = Cart;
			sourceTree = "<group>";
		};
		C31B833B2D750076005D37C9 /* Change Password */ = {
			isa = PBXGroup;
			children = (
				C31B833C2D75008A005D37C9 /* ChangePasswordViewController.swift */,
			);
			path = "Change Password";
			sourceTree = "<group>";
		};
		C31C06BA2D74D22D00617FC6 /* Edit Profile */ = {
			isa = PBXGroup;
			children = (
				C31C06BD2D74D24E00617FC6 /* EditProfileViewController.swift */,
			);
			path = "Edit Profile";
			sourceTree = "<group>";
		};
		C320E2E62D0717D8004C6122 /* Orders */ = {
			isa = PBXGroup;
			children = (
				7E2472502CFBAB390078619E /* OrdersViewController.swift */,
				7E2472522CFBAB590078619E /* OrdersViewController+TableView.swift */,
				C3B394B62D69F407007CD437 /* Order Detail */,
			);
			path = Orders;
			sourceTree = "<group>";
		};
		C320E2E72D071801004C6122 /* Profile */ = {
			isa = PBXGroup;
			children = (
				7E2B93F52CFF828D00D84BB0 /* ProfileViewController.swift */,
				C31C06BA2D74D22D00617FC6 /* Edit Profile */,
				C31B833B2D750076005D37C9 /* Change Password */,
				C3B394BD2D6A2A3D007CD437 /* Manage Card */,
			);
			path = Profile;
			sourceTree = "<group>";
		};
		C320E2E82D071893004C6122 /* Common */ = {
			isa = PBXGroup;
			children = (
				C3ADE97D2D53A13700278990 /* Detail */,
				C314AE152D81D48A00FF03C3 /* Cart */,
			);
			path = Common;
			sourceTree = "<group>";
		};
		C32CBEF62CF89C860016F444 /* Extension */ = {
			isa = PBXGroup;
			children = (
				C328A07F2D7DE3E600E5172A /* MapDesignCategories.swift */,
				C3395A832D6B407E00461A5E /* CreditCardValidation.swift */,
				C3B394C22D6A2E85007CD437 /* Alert.swift */,
				C3B394B92D6A1B04007CD437 /* PDFHelper.swift */,
				C3FFDE4E2D64B24800FF6296 /* FormatDouble.swift */,
				C3ADE9802D53B67500278990 /* RouterDistance.swift */,
				C3657B612D4D20600003918D /* DateFormatter.swift */,
				C35A4E0B2D7519FE00C95440 /* HiddenPassword+UITextField.swift */,
				C32CBEF72CF89C990016F444 /* UIView+Extension.swift */,
				C320E2E92D075C85004C6122 /* UIViewController+Extension.swift */,
			);
			path = Extension;
			sourceTree = "<group>";
		};
		C32D6C442D510B01002CD677 /* Error */ = {
			isa = PBXGroup;
			children = (
				C32D6C452D510B06002CD677 /* CustomError.swift */,
			);
			path = Error;
			sourceTree = "<group>";
		};
		C3657B5B2D4D0BE00003918D /* Request */ = {
			isa = PBXGroup;
			children = (
				C3657B5D2D4D0C160003918D /* NetworkManager+Request.swift */,
			);
			path = Request;
			sourceTree = "<group>";
		};
		C3657B5C2D4D0BE50003918D /* Response */ = {
			isa = PBXGroup;
			children = (
				C37B42552CF4E41500A03C4D /* NetworkManager+Response.swift */,
			);
			path = Response;
			sourceTree = "<group>";
		};
		C36D3E942CF34534008FE62B = {
			isa = PBXGroup;
			children = (
				C36D3E9F2CF34534008FE62B /* CheapEats */,
				C36D3E9E2CF34534008FE62B /* Products */,
			);
			sourceTree = "<group>";
		};
		C36D3E9E2CF34534008FE62B /* Products */ = {
			isa = PBXGroup;
			children = (
				C36D3E9D2CF34534008FE62B /* CheapEats.app */,
			);
			name = Products;
			sourceTree = "<group>";
		};
		C36D3E9F2CF34534008FE62B /* CheapEats */ = {
			isa = PBXGroup;
			children = (
				C36D3EB42CF34A75008FE62B /* Core */,
				C36D3EB52CF34A7B008FE62B /* Feature */,
				C36D3EA62CF34534008FE62B /* Main.storyboard */,
				C36D3EAE2CF34535008FE62B /* Info.plist */,
				C36D3ECD2CF356ED008FE62B /* GoogleService-Info.plist */,
			);
			path = CheapEats;
			sourceTree = "<group>";
		};
		C36D3EB42CF34A75008FE62B /* Core */ = {
			isa = PBXGroup;
			children = (
				C36D3EA02CF34534008FE62B /* AppDelegate.swift */,
				C36D3EA22CF34534008FE62B /* SceneDelegate.swift */,
				C36D3EA92CF34535008FE62B /* Assets.xcassets */,
				C36D3EAB2CF34535008FE62B /* LaunchScreen.storyboard */,
			);
			path = Core;
			sourceTree = "<group>";
		};
		C36D3EB52CF34A7B008FE62B /* Feature */ = {
			isa = PBXGroup;
			children = (
				C3C6FDD92CFD07060045DEDE /* Design */,
				C32CBEF62CF89C860016F444 /* Extension */,
				C3BCF0D92D7F1D5800FC5A5C /* Manager */,
				C37B42542CF4E3F800A03C4D /* NetworkLayer */,
				C36D3EB62CF34ACF008FE62B /* Model */,
				C36D3EB72CF34AD7008FE62B /* View */,
				C36D3EB82CF34ADB008FE62B /* ViewModel */,
			);
			path = Feature;
			sourceTree = "<group>";
		};
		C36D3EB62CF34ACF008FE62B /* Model */ = {
			isa = PBXGroup;
			children = (
				C3395A812D6B3A6E00461A5E /* UserCreditCards.swift */,
				7E65B2252CFCF8C800A57E67 /* OrderDetail.swift */,
				C3FFDE502D65EA8500FF6296 /* UserOrder.swift */,
				C38901A42D525332004522F7 /* ProductDetails.swift */,
				C32D6C422D50F54F002CD677 /* Restaurant.swift */,
				C32CBEF92CF8A2110016F444 /* Users.swift */,
				7E2B93F92CFF832600D84BB0 /* ProfileModel.swift */,
				C3E482EC2D08998500C28240 /* Product.swift */,
			);
			path = Model;
			sourceTree = "<group>";
		};
		C36D3EB72CF34AD7008FE62B /* View */ = {
			isa = PBXGroup;
			children = (
				C3FDC2C22CF7A5B7001BD056 /* SubView */,
				C3C6FDE22CFE1F4A0045DEDE /* FirstScreen */,
				C3FDC2C72CF7A6CA001BD056 /* Home */,
				C320E2E82D071893004C6122 /* Common */,
				C3B21C8C2CF9EC98005878F9 /* More */,
				C3EAD8402D4E700F00CD49CE /* Map */,
				C320E2E62D0717D8004C6122 /* Orders */,
				C320E2E72D071801004C6122 /* Profile */,
			);
			path = View;
			sourceTree = "<group>";
		};
		C36D3EB82CF34ADB008FE62B /* ViewModel */ = {
			isa = PBXGroup;
			children = (
				C36D3F012CF3629E008FE62B /* PassResViewModel.swift */,
				C36D3EFB2CF36267008FE62B /* RegisterViewModel.swift */,
				C36D3EC82CF3540B008FE62B /* LoginViewModel.swift */,
				C36D3EC12CF34C4A008FE62B /* HomeViewModel.swift */,
				C3B21C892CF9EB02005878F9 /* MoreViewModel.swift */,
				C301F7752CFA60AC000E7B99 /* DetailViewModel.swift */,
				C3EAD8452D4E708000CD49CE /* MapScreenViewModel.swift */,
				7E2472562CFC627A0078619E /* OrdersViewModel.swift */,
				C3B4EF782D0DD788002AD314 /* OrderDetailViewModel.swift */,
				7E2B93F72CFF830100D84BB0 /* ProfileViewModel.swift */,
				C3C6FDE32CFE25A00045DEDE /* FilterViewModel.swift */,
				C3C6FDDD2CFE19A20045DEDE /* BottomSheetViewModel.swift */,
				C3B394BB2D6A29EE007CD437 /* ManageCardViewModel.swift */,
				C3395A8A2D6B4B8700461A5E /* AddCardViewModel.swift */,
				C31C06BF2D74D27700617FC6 /* EditProfileViewModel.swift */,
				C31B833E2D7500D9005D37C9 /* ChangePasswordViewModel.swift */,
				C314AE132D81D3FF00FF03C3 /* CartViewModel.swift */,
				C3A8D2CD2D8ECA37001E55DB /* DeliveryViewModel.swift */,
			);
			path = ViewModel;
			sourceTree = "<group>";
		};
		C37B42542CF4E3F800A03C4D /* NetworkLayer */ = {
			isa = PBXGroup;
			children = (
				C3BCF0DE2D7F262200FC5A5C /* UserDefaults */,
				C32D6C442D510B01002CD677 /* Error */,
				C3657B5C2D4D0BE50003918D /* Response */,
				C3657B5B2D4D0BE00003918D /* Request */,
			);
			path = NetworkLayer;
			sourceTree = "<group>";
		};
		C3A8D2C72D8EC9BF001E55DB /* Delivery */ = {
			isa = PBXGroup;
			children = (
				C3A8D2CB2D8ECA12001E55DB /* DeliveryViewController.swift */,
				C3A8D2D12D8F0CB4001E55DB /* DeliveryViewController+MapView.swift */,
			);
			path = Delivery;
			sourceTree = "<group>";
		};
		C3A8D2C82D8EC9E4001E55DB /* Payment */ = {
			isa = PBXGroup;
			children = (
			);
			path = Payment;
			sourceTree = "<group>";
		};
		C3ADE97D2D53A13700278990 /* Detail */ = {
			isa = PBXGroup;
			children = (
				C3986A052CFA60640085521A /* DetailViewController.swift */,
				C3ADE97E2D53A14400278990 /* DetailViewController+MapView.swift */,
				C3B394B22D69F361007CD437 /* DetailViewController+ScrollView.swift */,
			);
			path = Detail;
			sourceTree = "<group>";
		};
		C3B21C8C2CF9EC98005878F9 /* More */ = {
			isa = PBXGroup;
			children = (
				C3C6FDDF2CFE1A020045DEDE /* Filter */,
				C3B21C872CF9EAF8005878F9 /* MoreViewController.swift */,
				C3B21C8D2CF9ECCA005878F9 /* MoreViewController+TableView.swift */,
				C301F7772CFA6542000E7B99 /* MoreViewController+Search.swift */,
				C3C6FDE52CFE44A50045DEDE /* MoreViewController+ScrollView.swift */,
			);
			path = More;
			sourceTree = "<group>";
		};
		C3B394B62D69F407007CD437 /* Order Detail */ = {
			isa = PBXGroup;
			children = (
				7E2472542CFBBD970078619E /* OrderDetailViewController.swift */,
				C3B394B42D69F3F2007CD437 /* OrderDetailViewController+ScrollView.swift */,
			);
			path = "Order Detail";
			sourceTree = "<group>";
		};
		C3B394BD2D6A2A3D007CD437 /* Manage Card */ = {
			isa = PBXGroup;
			children = (
				C3B394C02D6A2A57007CD437 /* ManageCardViewController.swift */,
				C3766BEA2D6A6B8900E75ABE /* ManageCardViewController+TableView.swift */,
				C3395A872D6B4B4E00461A5E /* AddCardViewController.swift */,
				C38469162D6BB96F001E37C2 /* AddCardViewController+TextField.swift */,
			);
			path = "Manage Card";
			sourceTree = "<group>";
		};
		C3BCF0D92D7F1D5800FC5A5C /* Manager */ = {
			isa = PBXGroup;
			children = (
				C3EDEE912D8E158F00337540 /* BadgeManager.swift */,
				C3BCF0DA2D7F1D5E00FC5A5C /* CartManager.swift */,
				C32CBEFB2CF8AB880016F444 /* UserManager.swift */,
				C3EAD8472D4E732C00CD49CE /* LocationManager.swift */,
			);
			path = Manager;
			sourceTree = "<group>";
		};
		C3BCF0DE2D7F262200FC5A5C /* UserDefaults */ = {
			isa = PBXGroup;
			children = (
				C3BCF0DC2D7F260B00FC5A5C /* UserDefaultsManager.swift */,
			);
			path = UserDefaults;
			sourceTree = "<group>";
		};
		C3C6FDD92CFD07060045DEDE /* Design */ = {
			isa = PBXGroup;
			children = (
				C3A8D2CF2D8EFC17001E55DB /* CustomSegmentControl.swift */,
				C3FE32D52D849E4500F16777 /* DashedLine.swift */,
				C3B394B02D69E873007CD437 /* BorderAndShadow.swift */,
				C3C6FDD12CFCFE820045DEDE /* LineView.swift */,
				C35F6B792D550CBC00DBB7EA /* LoadingIndicator.swift */,
			);
			path = Design;
			sourceTree = "<group>";
		};
		C3C6FDDF2CFE1A020045DEDE /* Filter */ = {
			isa = PBXGroup;
			children = (
				C3C6FDD52CFD05A60045DEDE /* FilterViewController.swift */,
				C3C6FDDA2CFDE56E0045DEDE /* BottomSheetViewController.swift */,
				C3C6FDE02CFE1A220045DEDE /* BottomSheetViewController+TableView.swift */,
			);
			path = Filter;
			sourceTree = "<group>";
		};
		C3C6FDE22CFE1F4A0045DEDE /* FirstScreen */ = {
			isa = PBXGroup;
			children = (
				C36D3EC42CF353E3008FE62B /* LoginViewController.swift */,
				C36D3EF82CF36251008FE62B /* RegisterViewController.swift */,
				C36D3EFE2CF36286008FE62B /* PassResViewController.swift */,
			);
			path = FirstScreen;
			sourceTree = "<group>";
		};
		C3EAD8402D4E700F00CD49CE /* Map */ = {
			isa = PBXGroup;
			children = (
				C3EAD8432D4E705500CD49CE /* MapScreenViewController.swift */,
				C37E487B2D760CB700B8B1E1 /* MapScreenViewController+MapView.swift */,
				C3969FCF2D786D2600CA68FE /* MapscreenViewContoller+CollectionView.swift */,
			);
			path = Map;
			sourceTree = "<group>";
		};
		C3FDC2C22CF7A5B7001BD056 /* SubView */ = {
			isa = PBXGroup;
			children = (
				C36C1B0A2CF657A3007A96B4 /* OrderCollectionViewCell.swift */,
				C36C1B0B2CF657A3007A96B4 /* OrderCollectionViewCell.xib */,
				C3B21C8F2CF9ED3B005878F9 /* FoodTableViewCell.swift */,
				C3B21C902CF9ED3B005878F9 /* FoodTableViewCell.xib */,
				7E8FB72A2CFB43EB005AA2E4 /* OrdersTableViewCell.swift */,
				7E8FB72B2CFB43EB005AA2E4 /* OrdersTableViewCell.xib */,
				C3766BEE2D6A6C2400E75ABE /* ManageCardTableViewCell.swift */,
				C3766BEF2D6A6C2400E75ABE /* ManageCardTableViewCell.xib */,
				C3766BF42D6A80F600E75ABE /* AddManageCardTableViewCell.swift */,
				C3766BF52D6A80F600E75ABE /* AddManageCardTableViewCell.xib */,
				C3969FD32D786E3F00CA68FE /* MapCollectionViewCell.swift */,
				C3969FD42D786E3F00CA68FE /* MapCollectionViewCell.xib */,
				C345DE6C2D8CB61800EE6323 /* CartTableViewCell.swift */,
				C345DE6D2D8CB61800EE6323 /* CartTableViewCell.xib */,
			);
			path = SubView;
			sourceTree = "<group>";
		};
		C3FDC2C72CF7A6CA001BD056 /* Home */ = {
			isa = PBXGroup;
			children = (
				C36D3EA42CF34534008FE62B /* HomeViewController.swift */,
				C3FDC2C32CF7A5F0001BD056 /* HomeViewController+CollectionView.swift */,
				C3E482EE2D0A266000C28240 /* HomeViewController+MapView.swift */,
			);
			path = Home;
			sourceTree = "<group>";
		};
/* End PBXGroup section */

/* Begin PBXNativeTarget section */
		C36D3E9C2CF34534008FE62B /* CheapEats */ = {
			isa = PBXNativeTarget;
			buildConfigurationList = C36D3EB12CF34535008FE62B /* Build configuration list for PBXNativeTarget "CheapEats" */;
			buildPhases = (
				C36D3E992CF34534008FE62B /* Sources */,
				C36D3E9A2CF34534008FE62B /* Frameworks */,
				C36D3E9B2CF34534008FE62B /* Resources */,
			);
			buildRules = (
			);
			dependencies = (
			);
			name = CheapEats;
			packageProductDependencies = (
				C3657B652D4D258E0003918D /* FirebaseAuth */,
				C3657B672D4D258E0003918D /* FirebaseCore */,
				C3657B692D4D258E0003918D /* FirebaseDatabase */,
				C3657B6B2D4D258E0003918D /* FirebaseFirestore */,
				C3657B6D2D4D258E0003918D /* FirebaseStorage */,
				C3BB4BE22D4D2B3400A1057E /* Kingfisher */,
				C35F6B752D5506CC00DBB7EA /* NVActivityIndicatorView */,
				C35F6B772D5506CC00DBB7EA /* NVActivityIndicatorViewExtended */,
				C3395A902D6BA76900461A5E /* JVFloatLabeledTextField */,
			);
			productName = CheapEats;
			productReference = C36D3E9D2CF34534008FE62B /* CheapEats.app */;
			productType = "com.apple.product-type.application";
		};
/* End PBXNativeTarget section */

/* Begin PBXProject section */
		C36D3E952CF34534008FE62B /* Project object */ = {
			isa = PBXProject;
			attributes = {
				BuildIndependentTargetsInParallel = 1;
				LastSwiftUpdateCheck = 1530;
				LastUpgradeCheck = 1530;
				TargetAttributes = {
					C36D3E9C2CF34534008FE62B = {
						CreatedOnToolsVersion = 15.3;
					};
				};
			};
			buildConfigurationList = C36D3E982CF34534008FE62B /* Build configuration list for PBXProject "CheapEats" */;
			compatibilityVersion = "Xcode 14.0";
			developmentRegion = en;
			hasScannedForEncodings = 0;
			knownRegions = (
				en,
				Base,
			);
			mainGroup = C36D3E942CF34534008FE62B;
			packageReferences = (
				C3657B642D4D258E0003918D /* XCRemoteSwiftPackageReference "firebase-ios-sdk" */,
				C3BB4BE12D4D2B3400A1057E /* XCRemoteSwiftPackageReference "Kingfisher" */,
				C35F6B742D5506CB00DBB7EA /* XCRemoteSwiftPackageReference "NVActivityIndicatorView" */,
				C3395A8F2D6BA76900461A5E /* XCRemoteSwiftPackageReference "JVFloatLabeledTextField" */,
			);
			productRefGroup = C36D3E9E2CF34534008FE62B /* Products */;
			projectDirPath = "";
			projectRoot = "";
			targets = (
				C36D3E9C2CF34534008FE62B /* CheapEats */,
			);
		};
/* End PBXProject section */

/* Begin PBXResourcesBuildPhase section */
		C36D3E9B2CF34534008FE62B /* Resources */ = {
			isa = PBXResourcesBuildPhase;
			buildActionMask = 2147483647;
			files = (
				C3766BF62D6A80F600E75ABE /* AddManageCardTableViewCell.xib in Resources */,
				C36D3EAA2CF34535008FE62B /* Assets.xcassets in Resources */,
				C36D3ECE2CF356ED008FE62B /* GoogleService-Info.plist in Resources */,
				C3766BF02D6A6C2400E75ABE /* ManageCardTableViewCell.xib in Resources */,
				C36D3EAD2CF34535008FE62B /* Base in Resources */,
				C36D3EA82CF34534008FE62B /* Base in Resources */,
				7E8FB72D2CFB43EB005AA2E4 /* OrdersTableViewCell.xib in Resources */,
				C345DE6F2D8CB61800EE6323 /* CartTableViewCell.xib in Resources */,
				C3969FD52D786E3F00CA68FE /* MapCollectionViewCell.xib in Resources */,
				C36C1B0D2CF657A3007A96B4 /* OrderCollectionViewCell.xib in Resources */,
				C3B21C922CF9ED3B005878F9 /* FoodTableViewCell.xib in Resources */,
			);
			runOnlyForDeploymentPostprocessing = 0;
		};
/* End PBXResourcesBuildPhase section */

/* Begin PBXSourcesBuildPhase section */
		C36D3E992CF34534008FE62B /* Sources */ = {
			isa = PBXSourcesBuildPhase;
			buildActionMask = 2147483647;
			files = (
				7E2472512CFBAB390078619E /* OrdersViewController.swift in Sources */,
				C35F6B7A2D550CBF00DBB7EA /* LoadingIndicator.swift in Sources */,
				C36D3EA52CF34534008FE62B /* HomeViewController.swift in Sources */,
				7E2472572CFC627A0078619E /* OrdersViewModel.swift in Sources */,
				C3B394B52D69F3FC007CD437 /* OrderDetailViewController+ScrollView.swift in Sources */,
				C36D3EA12CF34534008FE62B /* AppDelegate.swift in Sources */,
				C3395A822D6B3A7400461A5E /* UserCreditCards.swift in Sources */,
				C3ADE9812D53B68200278990 /* RouterDistance.swift in Sources */,
				C31C06BE2D74D24E00617FC6 /* EditProfileViewController.swift in Sources */,
				C3395A882D6B4B4E00461A5E /* AddCardViewController.swift in Sources */,
				7E2B93F82CFF830100D84BB0 /* ProfileViewModel.swift in Sources */,
				C3395A842D6B408800461A5E /* CreditCardValidation.swift in Sources */,
				C3B394B12D69E87D007CD437 /* BorderAndShadow.swift in Sources */,
				C3EDEE922D8E159400337540 /* BadgeManager.swift in Sources */,
				C36D3EF92CF36251008FE62B /* RegisterViewController.swift in Sources */,
				C3C6FDE62CFE44A50045DEDE /* MoreViewController+ScrollView.swift in Sources */,
				C3EAD8442D4E705500CD49CE /* MapScreenViewController.swift in Sources */,
				C3766BF72D6A80F600E75ABE /* AddManageCardTableViewCell.swift in Sources */,
				C3395A8B2D6B4B8800461A5E /* AddCardViewModel.swift in Sources */,
				C36D3EFF2CF36286008FE62B /* PassResViewController.swift in Sources */,
				C3BCF0DB2D7F1D6200FC5A5C /* CartManager.swift in Sources */,
				C320E2EA2D075C85004C6122 /* UIViewController+Extension.swift in Sources */,
				C38901A52D525337004522F7 /* ProductDetails.swift in Sources */,
				C3B394C12D6A2A57007CD437 /* ManageCardViewController.swift in Sources */,
				C32D6C432D50F55D002CD677 /* Restaurant.swift in Sources */,
				C3C6FDDE2CFE19A20045DEDE /* BottomSheetViewModel.swift in Sources */,
				C36D3EFC2CF36267008FE62B /* RegisterViewModel.swift in Sources */,
				C31B833F2D7500DE005D37C9 /* ChangePasswordViewModel.swift in Sources */,
				C37B42562CF4E41500A03C4D /* NetworkManager+Response.swift in Sources */,
				C3EAD8462D4E708000CD49CE /* MapScreenViewModel.swift in Sources */,
				7E2472552CFBBD970078619E /* OrderDetailViewController.swift in Sources */,
				C3986A062CFA60640085521A /* DetailViewController.swift in Sources */,
				C3B21C882CF9EAF8005878F9 /* MoreViewController.swift in Sources */,
				C32CBEFC2CF8AB880016F444 /* UserManager.swift in Sources */,
				C3FFDE512D65EA8A00FF6296 /* UserOrder.swift in Sources */,
				C3766BF12D6A6C2400E75ABE /* ManageCardTableViewCell.swift in Sources */,
				7E2B93F62CFF828D00D84BB0 /* ProfileViewController.swift in Sources */,
				C3B394C32D6A2E87007CD437 /* Alert.swift in Sources */,
				C301F7782CFA6542000E7B99 /* MoreViewController+Search.swift in Sources */,
				7E2B93FA2CFF832600D84BB0 /* ProfileModel.swift in Sources */,
				C3FE32D62D849E4B00F16777 /* DashedLine.swift in Sources */,
				7E2472532CFBAB590078619E /* OrdersViewController+TableView.swift in Sources */,
				C3B4EF792D0DD788002AD314 /* OrderDetailViewModel.swift in Sources */,
				C3E482ED2D08998500C28240 /* Product.swift in Sources */,
				C301F7762CFA60AC000E7B99 /* DetailViewModel.swift in Sources */,
				C3657B5E2D4D0C160003918D /* NetworkManager+Request.swift in Sources */,
				C30797202D80B84E00591F70 /* CartViewController.swift in Sources */,
				C37E487C2D760CC500B8B1E1 /* MapScreenViewController+MapView.swift in Sources */,
				C3E482EF2D0A266000C28240 /* HomeViewController+MapView.swift in Sources */,
				C3FDC2C42CF7A5F0001BD056 /* HomeViewController+CollectionView.swift in Sources */,
				C3B21C8A2CF9EB02005878F9 /* MoreViewModel.swift in Sources */,
				C3B394BA2D6A1B11007CD437 /* PDFHelper.swift in Sources */,
				C3B394B32D69F36B007CD437 /* DetailViewController+ScrollView.swift in Sources */,
				C3A8D2CC2D8ECA12001E55DB /* DeliveryViewController.swift in Sources */,
				C36D3EC92CF3540B008FE62B /* LoginViewModel.swift in Sources */,
				C328A0802D7DE3F400E5172A /* MapDesignCategories.swift in Sources */,
				C31C06C02D74D27C00617FC6 /* EditProfileViewModel.swift in Sources */,
				C31B833D2D75008A005D37C9 /* ChangePasswordViewController.swift in Sources */,
				C3EAD8482D4E732F00CD49CE /* LocationManager.swift in Sources */,
				C3B394BC2D6A29F2007CD437 /* ManageCardViewModel.swift in Sources */,
				C32CBEFA2CF8A2110016F444 /* Users.swift in Sources */,
				C3657B622D4D20630003918D /* DateFormatter.swift in Sources */,
				C345DE6E2D8CB61800EE6323 /* CartTableViewCell.swift in Sources */,
				7E65B2262CFCF8C800A57E67 /* OrderDetail.swift in Sources */,
				C3B21C8E2CF9ECCA005878F9 /* MoreViewController+TableView.swift in Sources */,
				C32CBEF82CF89C990016F444 /* UIView+Extension.swift in Sources */,
				C3A8D2D22D8F0CBB001E55DB /* DeliveryViewController+MapView.swift in Sources */,
				C36C1B0C2CF657A3007A96B4 /* OrderCollectionViewCell.swift in Sources */,
				C36D3EA32CF34534008FE62B /* SceneDelegate.swift in Sources */,
				C38469172D6BB97E001E37C2 /* AddCardViewController+TextField.swift in Sources */,
				C36D3EC52CF353E3008FE62B /* LoginViewController.swift in Sources */,
				C3766BEB2D6A6B9200E75ABE /* ManageCardViewController+TableView.swift in Sources */,
				C345DE6B2D8CB57200EE6323 /* CartViewController+TableView.swift in Sources */,
				C3C6FDD62CFD05A60045DEDE /* FilterViewController.swift in Sources */,
				C3C6FDE42CFE25A00045DEDE /* FilterViewModel.swift in Sources */,
				C3C6FDD22CFCFE820045DEDE /* LineView.swift in Sources */,
				C3C6FDE12CFE1A220045DEDE /* BottomSheetViewController+TableView.swift in Sources */,
				C3A8D2CE2D8ECA3D001E55DB /* DeliveryViewModel.swift in Sources */,
				C3BCF0DD2D7F260B00FC5A5C /* UserDefaultsManager.swift in Sources */,
				C314AE142D81D40400FF03C3 /* CartViewModel.swift in Sources */,
				C3969FD62D786E3F00CA68FE /* MapCollectionViewCell.swift in Sources */,
				C35A4E0C2D751A0900C95440 /* HiddenPassword+UITextField.swift in Sources */,
				C3969FD02D786D3000CA68FE /* MapscreenViewContoller+CollectionView.swift in Sources */,
				C3A8D2D02D8EFC26001E55DB /* CustomSegmentControl.swift in Sources */,
				C3ADE97F2D53A14D00278990 /* DetailViewController+MapView.swift in Sources */,
				C3FFDE4F2D64B24D00FF6296 /* FormatDouble.swift in Sources */,
				C3B21C912CF9ED3B005878F9 /* FoodTableViewCell.swift in Sources */,
				C32D6C462D510B0B002CD677 /* CustomError.swift in Sources */,
				C36D3F022CF3629E008FE62B /* PassResViewModel.swift in Sources */,
				7E8FB72C2CFB43EB005AA2E4 /* OrdersTableViewCell.swift in Sources */,
				C36D3EC22CF34C4A008FE62B /* HomeViewModel.swift in Sources */,
				C3C6FDDB2CFDE56E0045DEDE /* BottomSheetViewController.swift in Sources */,
			);
			runOnlyForDeploymentPostprocessing = 0;
		};
/* End PBXSourcesBuildPhase section */

/* Begin PBXVariantGroup section */
		C36D3EA62CF34534008FE62B /* Main.storyboard */ = {
			isa = PBXVariantGroup;
			children = (
				C36D3EA72CF34534008FE62B /* Base */,
			);
			name = Main.storyboard;
			sourceTree = "<group>";
		};
		C36D3EAB2CF34535008FE62B /* LaunchScreen.storyboard */ = {
			isa = PBXVariantGroup;
			children = (
				C36D3EAC2CF34535008FE62B /* Base */,
			);
			name = LaunchScreen.storyboard;
			sourceTree = "<group>";
		};
/* End PBXVariantGroup section */

/* Begin XCBuildConfiguration section */
		C36D3EAF2CF34535008FE62B /* Debug */ = {
			isa = XCBuildConfiguration;
			buildSettings = {
				ALWAYS_SEARCH_USER_PATHS = NO;
				ASSETCATALOG_COMPILER_GENERATE_SWIFT_ASSET_SYMBOL_EXTENSIONS = YES;
				CLANG_ANALYZER_NONNULL = YES;
				CLANG_ANALYZER_NUMBER_OBJECT_CONVERSION = YES_AGGRESSIVE;
				CLANG_CXX_LANGUAGE_STANDARD = "gnu++20";
				CLANG_ENABLE_MODULES = YES;
				CLANG_ENABLE_OBJC_ARC = YES;
				CLANG_ENABLE_OBJC_WEAK = YES;
				CLANG_WARN_BLOCK_CAPTURE_AUTORELEASING = YES;
				CLANG_WARN_BOOL_CONVERSION = YES;
				CLANG_WARN_COMMA = YES;
				CLANG_WARN_CONSTANT_CONVERSION = YES;
				CLANG_WARN_DEPRECATED_OBJC_IMPLEMENTATIONS = YES;
				CLANG_WARN_DIRECT_OBJC_ISA_USAGE = YES_ERROR;
				CLANG_WARN_DOCUMENTATION_COMMENTS = YES;
				CLANG_WARN_EMPTY_BODY = YES;
				CLANG_WARN_ENUM_CONVERSION = YES;
				CLANG_WARN_INFINITE_RECURSION = YES;
				CLANG_WARN_INT_CONVERSION = YES;
				CLANG_WARN_NON_LITERAL_NULL_CONVERSION = YES;
				CLANG_WARN_OBJC_IMPLICIT_RETAIN_SELF = YES;
				CLANG_WARN_OBJC_LITERAL_CONVERSION = YES;
				CLANG_WARN_OBJC_ROOT_CLASS = YES_ERROR;
				CLANG_WARN_QUOTED_INCLUDE_IN_FRAMEWORK_HEADER = YES;
				CLANG_WARN_RANGE_LOOP_ANALYSIS = YES;
				CLANG_WARN_STRICT_PROTOTYPES = YES;
				CLANG_WARN_SUSPICIOUS_MOVE = YES;
				CLANG_WARN_UNGUARDED_AVAILABILITY = YES_AGGRESSIVE;
				CLANG_WARN_UNREACHABLE_CODE = YES;
				CLANG_WARN__DUPLICATE_METHOD_MATCH = YES;
				COPY_PHASE_STRIP = NO;
				DEBUG_INFORMATION_FORMAT = dwarf;
				ENABLE_STRICT_OBJC_MSGSEND = YES;
				ENABLE_TESTABILITY = YES;
				ENABLE_USER_SCRIPT_SANDBOXING = YES;
				GCC_C_LANGUAGE_STANDARD = gnu17;
				GCC_DYNAMIC_NO_PIC = NO;
				GCC_NO_COMMON_BLOCKS = YES;
				GCC_OPTIMIZATION_LEVEL = 0;
				GCC_PREPROCESSOR_DEFINITIONS = (
					"DEBUG=1",
					"$(inherited)",
				);
				GCC_WARN_64_TO_32_BIT_CONVERSION = YES;
				GCC_WARN_ABOUT_RETURN_TYPE = YES_ERROR;
				GCC_WARN_UNDECLARED_SELECTOR = YES;
				GCC_WARN_UNINITIALIZED_AUTOS = YES_AGGRESSIVE;
				GCC_WARN_UNUSED_FUNCTION = YES;
				GCC_WARN_UNUSED_VARIABLE = YES;
				IPHONEOS_DEPLOYMENT_TARGET = 17.4;
				LOCALIZATION_PREFERS_STRING_CATALOGS = YES;
				MTL_ENABLE_DEBUG_INFO = INCLUDE_SOURCE;
				MTL_FAST_MATH = YES;
				ONLY_ACTIVE_ARCH = YES;
				SDKROOT = iphoneos;
				SWIFT_ACTIVE_COMPILATION_CONDITIONS = "DEBUG $(inherited)";
				SWIFT_OPTIMIZATION_LEVEL = "-Onone";
			};
			name = Debug;
		};
		C36D3EB02CF34535008FE62B /* Release */ = {
			isa = XCBuildConfiguration;
			buildSettings = {
				ALWAYS_SEARCH_USER_PATHS = NO;
				ASSETCATALOG_COMPILER_GENERATE_SWIFT_ASSET_SYMBOL_EXTENSIONS = YES;
				CLANG_ANALYZER_NONNULL = YES;
				CLANG_ANALYZER_NUMBER_OBJECT_CONVERSION = YES_AGGRESSIVE;
				CLANG_CXX_LANGUAGE_STANDARD = "gnu++20";
				CLANG_ENABLE_MODULES = YES;
				CLANG_ENABLE_OBJC_ARC = YES;
				CLANG_ENABLE_OBJC_WEAK = YES;
				CLANG_WARN_BLOCK_CAPTURE_AUTORELEASING = YES;
				CLANG_WARN_BOOL_CONVERSION = YES;
				CLANG_WARN_COMMA = YES;
				CLANG_WARN_CONSTANT_CONVERSION = YES;
				CLANG_WARN_DEPRECATED_OBJC_IMPLEMENTATIONS = YES;
				CLANG_WARN_DIRECT_OBJC_ISA_USAGE = YES_ERROR;
				CLANG_WARN_DOCUMENTATION_COMMENTS = YES;
				CLANG_WARN_EMPTY_BODY = YES;
				CLANG_WARN_ENUM_CONVERSION = YES;
				CLANG_WARN_INFINITE_RECURSION = YES;
				CLANG_WARN_INT_CONVERSION = YES;
				CLANG_WARN_NON_LITERAL_NULL_CONVERSION = YES;
				CLANG_WARN_OBJC_IMPLICIT_RETAIN_SELF = YES;
				CLANG_WARN_OBJC_LITERAL_CONVERSION = YES;
				CLANG_WARN_OBJC_ROOT_CLASS = YES_ERROR;
				CLANG_WARN_QUOTED_INCLUDE_IN_FRAMEWORK_HEADER = YES;
				CLANG_WARN_RANGE_LOOP_ANALYSIS = YES;
				CLANG_WARN_STRICT_PROTOTYPES = YES;
				CLANG_WARN_SUSPICIOUS_MOVE = YES;
				CLANG_WARN_UNGUARDED_AVAILABILITY = YES_AGGRESSIVE;
				CLANG_WARN_UNREACHABLE_CODE = YES;
				CLANG_WARN__DUPLICATE_METHOD_MATCH = YES;
				COPY_PHASE_STRIP = NO;
				DEBUG_INFORMATION_FORMAT = "dwarf-with-dsym";
				ENABLE_NS_ASSERTIONS = NO;
				ENABLE_STRICT_OBJC_MSGSEND = YES;
				ENABLE_USER_SCRIPT_SANDBOXING = YES;
				GCC_C_LANGUAGE_STANDARD = gnu17;
				GCC_NO_COMMON_BLOCKS = YES;
				GCC_WARN_64_TO_32_BIT_CONVERSION = YES;
				GCC_WARN_ABOUT_RETURN_TYPE = YES_ERROR;
				GCC_WARN_UNDECLARED_SELECTOR = YES;
				GCC_WARN_UNINITIALIZED_AUTOS = YES_AGGRESSIVE;
				GCC_WARN_UNUSED_FUNCTION = YES;
				GCC_WARN_UNUSED_VARIABLE = YES;
				IPHONEOS_DEPLOYMENT_TARGET = 17.4;
				LOCALIZATION_PREFERS_STRING_CATALOGS = YES;
				MTL_ENABLE_DEBUG_INFO = NO;
				MTL_FAST_MATH = YES;
				SDKROOT = iphoneos;
				SWIFT_COMPILATION_MODE = wholemodule;
				VALIDATE_PRODUCT = YES;
			};
			name = Release;
		};
		C36D3EB22CF34535008FE62B /* Debug */ = {
			isa = XCBuildConfiguration;
			buildSettings = {
				ASSETCATALOG_COMPILER_APPICON_NAME = AppIcon;
				ASSETCATALOG_COMPILER_GLOBAL_ACCENT_COLOR_NAME = AccentColor;
				CODE_SIGN_STYLE = Automatic;
				CURRENT_PROJECT_VERSION = 1;
				DEVELOPMENT_TEAM = US4P6S3B5V;
				GENERATE_INFOPLIST_FILE = YES;
				INFOPLIST_FILE = CheapEats/Info.plist;
				INFOPLIST_KEY_UIApplicationSupportsIndirectInputEvents = YES;
				INFOPLIST_KEY_UILaunchStoryboardName = LaunchScreen;
				INFOPLIST_KEY_UIMainStoryboardFile = Main;
				INFOPLIST_KEY_UISupportedInterfaceOrientations = UIInterfaceOrientationPortrait;
				IPHONEOS_DEPLOYMENT_TARGET = 17.4;
				LD_RUNPATH_SEARCH_PATHS = (
					"$(inherited)",
					"@executable_path/Frameworks",
				);
				MARKETING_VERSION = 1.0;
				PRODUCT_BUNDLE_IDENTIFIER = com.emre.CheapEats;
				PRODUCT_NAME = "$(TARGET_NAME)";
				SWIFT_EMIT_LOC_STRINGS = YES;
				SWIFT_VERSION = 5.0;
				TARGETED_DEVICE_FAMILY = "1,2";
			};
			name = Debug;
		};
		C36D3EB32CF34535008FE62B /* Release */ = {
			isa = XCBuildConfiguration;
			buildSettings = {
				ASSETCATALOG_COMPILER_APPICON_NAME = AppIcon;
				ASSETCATALOG_COMPILER_GLOBAL_ACCENT_COLOR_NAME = AccentColor;
				CODE_SIGN_STYLE = Automatic;
				CURRENT_PROJECT_VERSION = 1;
				DEVELOPMENT_TEAM = US4P6S3B5V;
				GENERATE_INFOPLIST_FILE = YES;
				INFOPLIST_FILE = CheapEats/Info.plist;
				INFOPLIST_KEY_UIApplicationSupportsIndirectInputEvents = YES;
				INFOPLIST_KEY_UILaunchStoryboardName = LaunchScreen;
				INFOPLIST_KEY_UIMainStoryboardFile = Main;
				INFOPLIST_KEY_UISupportedInterfaceOrientations = UIInterfaceOrientationPortrait;
				IPHONEOS_DEPLOYMENT_TARGET = 17.4;
				LD_RUNPATH_SEARCH_PATHS = (
					"$(inherited)",
					"@executable_path/Frameworks",
				);
				MARKETING_VERSION = 1.0;
				PRODUCT_BUNDLE_IDENTIFIER = com.emre.CheapEats;
				PRODUCT_NAME = "$(TARGET_NAME)";
				SWIFT_EMIT_LOC_STRINGS = YES;
				SWIFT_VERSION = 5.0;
				TARGETED_DEVICE_FAMILY = "1,2";
			};
			name = Release;
		};
/* End XCBuildConfiguration section */

/* Begin XCConfigurationList section */
		C36D3E982CF34534008FE62B /* Build configuration list for PBXProject "CheapEats" */ = {
			isa = XCConfigurationList;
			buildConfigurations = (
				C36D3EAF2CF34535008FE62B /* Debug */,
				C36D3EB02CF34535008FE62B /* Release */,
			);
			defaultConfigurationIsVisible = 0;
			defaultConfigurationName = Release;
		};
		C36D3EB12CF34535008FE62B /* Build configuration list for PBXNativeTarget "CheapEats" */ = {
			isa = XCConfigurationList;
			buildConfigurations = (
				C36D3EB22CF34535008FE62B /* Debug */,
				C36D3EB32CF34535008FE62B /* Release */,
			);
			defaultConfigurationIsVisible = 0;
			defaultConfigurationName = Release;
		};
/* End XCConfigurationList section */

/* Begin XCRemoteSwiftPackageReference section */
		C3395A8F2D6BA76900461A5E /* XCRemoteSwiftPackageReference "JVFloatLabeledTextField" */ = {
			isa = XCRemoteSwiftPackageReference;
			repositoryURL = "https://github.com/jverdi/JVFloatLabeledTextField";
			requirement = {
				kind = upToNextMajorVersion;
				minimumVersion = 1.2.5;
			};
		};
		C35F6B742D5506CB00DBB7EA /* XCRemoteSwiftPackageReference "NVActivityIndicatorView" */ = {
			isa = XCRemoteSwiftPackageReference;
			repositoryURL = "https://github.com/ninjaprox/NVActivityIndicatorView.git";
			requirement = {
				kind = upToNextMajorVersion;
				minimumVersion = 5.2.0;
			};
		};
		C3657B642D4D258E0003918D /* XCRemoteSwiftPackageReference "firebase-ios-sdk" */ = {
			isa = XCRemoteSwiftPackageReference;
			repositoryURL = "https://github.com/firebase/firebase-ios-sdk";
			requirement = {
				kind = upToNextMajorVersion;
				minimumVersion = 11.7.0;
			};
		};
		C3BB4BE12D4D2B3400A1057E /* XCRemoteSwiftPackageReference "Kingfisher" */ = {
			isa = XCRemoteSwiftPackageReference;
			repositoryURL = "https://github.com/onevcat/Kingfisher.git";
			requirement = {
				kind = upToNextMajorVersion;
				minimumVersion = 8.1.4;
			};
		};
/* End XCRemoteSwiftPackageReference section */

/* Begin XCSwiftPackageProductDependency section */
		C3395A902D6BA76900461A5E /* JVFloatLabeledTextField */ = {
			isa = XCSwiftPackageProductDependency;
			package = C3395A8F2D6BA76900461A5E /* XCRemoteSwiftPackageReference "JVFloatLabeledTextField" */;
			productName = JVFloatLabeledTextField;
		};
		C35F6B752D5506CC00DBB7EA /* NVActivityIndicatorView */ = {
			isa = XCSwiftPackageProductDependency;
			package = C35F6B742D5506CB00DBB7EA /* XCRemoteSwiftPackageReference "NVActivityIndicatorView" */;
			productName = NVActivityIndicatorView;
		};
		C35F6B772D5506CC00DBB7EA /* NVActivityIndicatorViewExtended */ = {
			isa = XCSwiftPackageProductDependency;
			package = C35F6B742D5506CB00DBB7EA /* XCRemoteSwiftPackageReference "NVActivityIndicatorView" */;
			productName = NVActivityIndicatorViewExtended;
		};
		C3657B652D4D258E0003918D /* FirebaseAuth */ = {
			isa = XCSwiftPackageProductDependency;
			package = C3657B642D4D258E0003918D /* XCRemoteSwiftPackageReference "firebase-ios-sdk" */;
			productName = FirebaseAuth;
		};
		C3657B672D4D258E0003918D /* FirebaseCore */ = {
			isa = XCSwiftPackageProductDependency;
			package = C3657B642D4D258E0003918D /* XCRemoteSwiftPackageReference "firebase-ios-sdk" */;
			productName = FirebaseCore;
		};
		C3657B692D4D258E0003918D /* FirebaseDatabase */ = {
			isa = XCSwiftPackageProductDependency;
			package = C3657B642D4D258E0003918D /* XCRemoteSwiftPackageReference "firebase-ios-sdk" */;
			productName = FirebaseDatabase;
		};
		C3657B6B2D4D258E0003918D /* FirebaseFirestore */ = {
			isa = XCSwiftPackageProductDependency;
			package = C3657B642D4D258E0003918D /* XCRemoteSwiftPackageReference "firebase-ios-sdk" */;
			productName = FirebaseFirestore;
		};
		C3657B6D2D4D258E0003918D /* FirebaseStorage */ = {
			isa = XCSwiftPackageProductDependency;
			package = C3657B642D4D258E0003918D /* XCRemoteSwiftPackageReference "firebase-ios-sdk" */;
			productName = FirebaseStorage;
		};
		C3BB4BE22D4D2B3400A1057E /* Kingfisher */ = {
			isa = XCSwiftPackageProductDependency;
			package = C3BB4BE12D4D2B3400A1057E /* XCRemoteSwiftPackageReference "Kingfisher" */;
			productName = Kingfisher;
		};
/* End XCSwiftPackageProductDependency section */
	};
	rootObject = C36D3E952CF34534008FE62B /* Project object */;
}
