// !$*UTF8*$!
{
	archiveVersion = 1;
	classes = {
	};
	objectVersion = 56;
	objects = {

/* Begin PBXBuildFile section */
		7E2472512CFBAB390078619E /* OrdersViewController.swift in Sources */ = {isa = PBXBuildFile; fileRef = 7E2472502CFBAB390078619E /* OrdersViewController.swift */; };
		7E2472532CFBAB590078619E /* OrdersViewController+TableView.swift in Sources */ = {isa = PBXBuildFile; fileRef = 7E2472522CFBAB590078619E /* OrdersViewController+TableView.swift */; };
		7E2472552CFBBD970078619E /* OrdersDetailViewController.swift in Sources */ = {isa = PBXBuildFile; fileRef = 7E2472542CFBBD970078619E /* OrdersDetailViewController.swift */; };
		7E2472572CFC627A0078619E /* OrdersDetailViewModel.swift in Sources */ = {isa = PBXBuildFile; fileRef = 7E2472562CFC627A0078619E /* OrdersDetailViewModel.swift */; };
		7E65B2262CFCF8C800A57E67 /* OrderDetail.swift in Sources */ = {isa = PBXBuildFile; fileRef = 7E65B2252CFCF8C800A57E67 /* OrderDetail.swift */; };
		7E8FB72C2CFB43EB005AA2E4 /* OrdersTableViewCell.swift in Sources */ = {isa = PBXBuildFile; fileRef = 7E8FB72A2CFB43EB005AA2E4 /* OrdersTableViewCell.swift */; };
		7E8FB72D2CFB43EB005AA2E4 /* OrdersTableViewCell.xib in Resources */ = {isa = PBXBuildFile; fileRef = 7E8FB72B2CFB43EB005AA2E4 /* OrdersTableViewCell.xib */; };
		C301F7762CFA60AC000E7B99 /* DetailViewModel.swift in Sources */ = {isa = PBXBuildFile; fileRef = C301F7752CFA60AC000E7B99 /* DetailViewModel.swift */; };
		C301F7782CFA6542000E7B99 /* MoreViewController+Search.swift in Sources */ = {isa = PBXBuildFile; fileRef = C301F7772CFA6542000E7B99 /* MoreViewController+Search.swift */; };
		C32CBEF82CF89C990016F444 /* UIView+Extension.swift in Sources */ = {isa = PBXBuildFile; fileRef = C32CBEF72CF89C990016F444 /* UIView+Extension.swift */; };
		C32CBEFA2CF8A2110016F444 /* Users.swift in Sources */ = {isa = PBXBuildFile; fileRef = C32CBEF92CF8A2110016F444 /* Users.swift */; };
		C32CBEFC2CF8AB880016F444 /* UserManager.swift in Sources */ = {isa = PBXBuildFile; fileRef = C32CBEFB2CF8AB880016F444 /* UserManager.swift */; };
		C36C1B0C2CF657A3007A96B4 /* OrderCollectionViewCell.swift in Sources */ = {isa = PBXBuildFile; fileRef = C36C1B0A2CF657A3007A96B4 /* OrderCollectionViewCell.swift */; };
		C36C1B0D2CF657A3007A96B4 /* OrderCollectionViewCell.xib in Resources */ = {isa = PBXBuildFile; fileRef = C36C1B0B2CF657A3007A96B4 /* OrderCollectionViewCell.xib */; };
		C36D3EA12CF34534008FE62B /* AppDelegate.swift in Sources */ = {isa = PBXBuildFile; fileRef = C36D3EA02CF34534008FE62B /* AppDelegate.swift */; };
		C36D3EA32CF34534008FE62B /* SceneDelegate.swift in Sources */ = {isa = PBXBuildFile; fileRef = C36D3EA22CF34534008FE62B /* SceneDelegate.swift */; };
		C36D3EA52CF34534008FE62B /* HomeViewController.swift in Sources */ = {isa = PBXBuildFile; fileRef = C36D3EA42CF34534008FE62B /* HomeViewController.swift */; };
		C36D3EA82CF34534008FE62B /* Base in Resources */ = {isa = PBXBuildFile; fileRef = C36D3EA72CF34534008FE62B /* Base */; };
		C36D3EAA2CF34535008FE62B /* Assets.xcassets in Resources */ = {isa = PBXBuildFile; fileRef = C36D3EA92CF34535008FE62B /* Assets.xcassets */; };
		C36D3EAD2CF34535008FE62B /* Base in Resources */ = {isa = PBXBuildFile; fileRef = C36D3EAC2CF34535008FE62B /* Base */; };
		C36D3EC22CF34C4A008FE62B /* HomeViewModel.swift in Sources */ = {isa = PBXBuildFile; fileRef = C36D3EC12CF34C4A008FE62B /* HomeViewModel.swift */; };
		C36D3EC52CF353E3008FE62B /* LoginViewController.swift in Sources */ = {isa = PBXBuildFile; fileRef = C36D3EC42CF353E3008FE62B /* LoginViewController.swift */; };
		C36D3EC92CF3540B008FE62B /* LoginViewModel.swift in Sources */ = {isa = PBXBuildFile; fileRef = C36D3EC82CF3540B008FE62B /* LoginViewModel.swift */; };
		C36D3ECC2CF355B4008FE62B /* Kingfisher in Frameworks */ = {isa = PBXBuildFile; productRef = C36D3ECB2CF355B4008FE62B /* Kingfisher */; };
		C36D3ECE2CF356ED008FE62B /* GoogleService-Info.plist in Resources */ = {isa = PBXBuildFile; fileRef = C36D3ECD2CF356ED008FE62B /* GoogleService-Info.plist */; };
		C36D3EEE2CF35DAE008FE62B /* FirebaseAuth in Frameworks */ = {isa = PBXBuildFile; productRef = C36D3EED2CF35DAE008FE62B /* FirebaseAuth */; };
		C36D3EF02CF35DAE008FE62B /* FirebaseCore in Frameworks */ = {isa = PBXBuildFile; productRef = C36D3EEF2CF35DAE008FE62B /* FirebaseCore */; };
		C36D3EF22CF35DAE008FE62B /* FirebaseDatabase in Frameworks */ = {isa = PBXBuildFile; productRef = C36D3EF12CF35DAE008FE62B /* FirebaseDatabase */; };
		C36D3EF42CF35DAE008FE62B /* FirebaseFirestore in Frameworks */ = {isa = PBXBuildFile; productRef = C36D3EF32CF35DAE008FE62B /* FirebaseFirestore */; };
		C36D3EF62CF35DAE008FE62B /* FirebaseStorage in Frameworks */ = {isa = PBXBuildFile; productRef = C36D3EF52CF35DAE008FE62B /* FirebaseStorage */; };
		C36D3EF92CF36251008FE62B /* RegisterViewController.swift in Sources */ = {isa = PBXBuildFile; fileRef = C36D3EF82CF36251008FE62B /* RegisterViewController.swift */; };
		C36D3EFC2CF36267008FE62B /* RegisterViewModel.swift in Sources */ = {isa = PBXBuildFile; fileRef = C36D3EFB2CF36267008FE62B /* RegisterViewModel.swift */; };
		C36D3EFF2CF36286008FE62B /* PassResViewController.swift in Sources */ = {isa = PBXBuildFile; fileRef = C36D3EFE2CF36286008FE62B /* PassResViewController.swift */; };
		C36D3F022CF3629E008FE62B /* PassResViewModel.swift in Sources */ = {isa = PBXBuildFile; fileRef = C36D3F012CF3629E008FE62B /* PassResViewModel.swift */; };
		C37B42562CF4E41500A03C4D /* NetworkLayer.swift in Sources */ = {isa = PBXBuildFile; fileRef = C37B42552CF4E41500A03C4D /* NetworkLayer.swift */; };
		C3986A062CFA60640085521A /* DetailViewController.swift in Sources */ = {isa = PBXBuildFile; fileRef = C3986A052CFA60640085521A /* DetailViewController.swift */; };
		C3B21C882CF9EAF8005878F9 /* MoreViewController.swift in Sources */ = {isa = PBXBuildFile; fileRef = C3B21C872CF9EAF8005878F9 /* MoreViewController.swift */; };
		C3B21C8A2CF9EB02005878F9 /* MoreViewModel.swift in Sources */ = {isa = PBXBuildFile; fileRef = C3B21C892CF9EB02005878F9 /* MoreViewModel.swift */; };
		C3B21C8E2CF9ECCA005878F9 /* MoreViewController+TableView.swift in Sources */ = {isa = PBXBuildFile; fileRef = C3B21C8D2CF9ECCA005878F9 /* MoreViewController+TableView.swift */; };
		C3B21C912CF9ED3B005878F9 /* FoodTableViewCell.swift in Sources */ = {isa = PBXBuildFile; fileRef = C3B21C8F2CF9ED3B005878F9 /* FoodTableViewCell.swift */; };
		C3B21C922CF9ED3B005878F9 /* FoodTableViewCell.xib in Resources */ = {isa = PBXBuildFile; fileRef = C3B21C902CF9ED3B005878F9 /* FoodTableViewCell.xib */; };
		C3FDC2C42CF7A5F0001BD056 /* CollectionView+HomeViewController.swift in Sources */ = {isa = PBXBuildFile; fileRef = C3FDC2C32CF7A5F0001BD056 /* CollectionView+HomeViewController.swift */; };
/* End PBXBuildFile section */

/* Begin PBXFileReference section */
		7E2472502CFBAB390078619E /* OrdersViewController.swift */ = {isa = PBXFileReference; lastKnownFileType = sourcecode.swift; path = OrdersViewController.swift; sourceTree = "<group>"; };
		7E2472522CFBAB590078619E /* OrdersViewController+TableView.swift */ = {isa = PBXFileReference; lastKnownFileType = sourcecode.swift; path = "OrdersViewController+TableView.swift"; sourceTree = "<group>"; };
		7E2472542CFBBD970078619E /* OrdersDetailViewController.swift */ = {isa = PBXFileReference; lastKnownFileType = sourcecode.swift; path = OrdersDetailViewController.swift; sourceTree = "<group>"; };
		7E2472562CFC627A0078619E /* OrdersDetailViewModel.swift */ = {isa = PBXFileReference; lastKnownFileType = sourcecode.swift; path = OrdersDetailViewModel.swift; sourceTree = "<group>"; };
		7E65B2252CFCF8C800A57E67 /* OrderDetail.swift */ = {isa = PBXFileReference; lastKnownFileType = sourcecode.swift; path = OrderDetail.swift; sourceTree = "<group>"; };
		7E8FB72A2CFB43EB005AA2E4 /* OrdersTableViewCell.swift */ = {isa = PBXFileReference; lastKnownFileType = sourcecode.swift; path = OrdersTableViewCell.swift; sourceTree = "<group>"; };
		7E8FB72B2CFB43EB005AA2E4 /* OrdersTableViewCell.xib */ = {isa = PBXFileReference; lastKnownFileType = file.xib; path = OrdersTableViewCell.xib; sourceTree = "<group>"; };
		C301F7752CFA60AC000E7B99 /* DetailViewModel.swift */ = {isa = PBXFileReference; lastKnownFileType = sourcecode.swift; path = DetailViewModel.swift; sourceTree = "<group>"; };
		C301F7772CFA6542000E7B99 /* MoreViewController+Search.swift */ = {isa = PBXFileReference; lastKnownFileType = sourcecode.swift; path = "MoreViewController+Search.swift"; sourceTree = "<group>"; };
		C32CBEF72CF89C990016F444 /* UIView+Extension.swift */ = {isa = PBXFileReference; lastKnownFileType = sourcecode.swift; path = "UIView+Extension.swift"; sourceTree = "<group>"; };
		C32CBEF92CF8A2110016F444 /* Users.swift */ = {isa = PBXFileReference; lastKnownFileType = sourcecode.swift; path = Users.swift; sourceTree = "<group>"; };
		C32CBEFB2CF8AB880016F444 /* UserManager.swift */ = {isa = PBXFileReference; lastKnownFileType = sourcecode.swift; path = UserManager.swift; sourceTree = "<group>"; };
		C36C1B0A2CF657A3007A96B4 /* OrderCollectionViewCell.swift */ = {isa = PBXFileReference; lastKnownFileType = sourcecode.swift; path = OrderCollectionViewCell.swift; sourceTree = "<group>"; };
		C36C1B0B2CF657A3007A96B4 /* OrderCollectionViewCell.xib */ = {isa = PBXFileReference; lastKnownFileType = file.xib; path = OrderCollectionViewCell.xib; sourceTree = "<group>"; };
		C36D3E9D2CF34534008FE62B /* CheapEats.app */ = {isa = PBXFileReference; explicitFileType = wrapper.application; includeInIndex = 0; path = CheapEats.app; sourceTree = BUILT_PRODUCTS_DIR; };
		C36D3EA02CF34534008FE62B /* AppDelegate.swift */ = {isa = PBXFileReference; lastKnownFileType = sourcecode.swift; path = AppDelegate.swift; sourceTree = "<group>"; };
		C36D3EA22CF34534008FE62B /* SceneDelegate.swift */ = {isa = PBXFileReference; lastKnownFileType = sourcecode.swift; path = SceneDelegate.swift; sourceTree = "<group>"; };
		C36D3EA42CF34534008FE62B /* HomeViewController.swift */ = {isa = PBXFileReference; lastKnownFileType = sourcecode.swift; path = HomeViewController.swift; sourceTree = "<group>"; };
		C36D3EA72CF34534008FE62B /* Base */ = {isa = PBXFileReference; lastKnownFileType = file.storyboard; name = Base; path = Base.lproj/Main.storyboard; sourceTree = "<group>"; };
		C36D3EA92CF34535008FE62B /* Assets.xcassets */ = {isa = PBXFileReference; lastKnownFileType = folder.assetcatalog; path = Assets.xcassets; sourceTree = "<group>"; };
		C36D3EAC2CF34535008FE62B /* Base */ = {isa = PBXFileReference; lastKnownFileType = file.storyboard; name = Base; path = Base.lproj/LaunchScreen.storyboard; sourceTree = "<group>"; };
		C36D3EAE2CF34535008FE62B /* Info.plist */ = {isa = PBXFileReference; lastKnownFileType = text.plist.xml; path = Info.plist; sourceTree = "<group>"; };
		C36D3EC12CF34C4A008FE62B /* HomeViewModel.swift */ = {isa = PBXFileReference; lastKnownFileType = sourcecode.swift; path = HomeViewModel.swift; sourceTree = "<group>"; };
		C36D3EC42CF353E3008FE62B /* LoginViewController.swift */ = {isa = PBXFileReference; lastKnownFileType = sourcecode.swift; path = LoginViewController.swift; sourceTree = "<group>"; };
		C36D3EC82CF3540B008FE62B /* LoginViewModel.swift */ = {isa = PBXFileReference; lastKnownFileType = sourcecode.swift; path = LoginViewModel.swift; sourceTree = "<group>"; };
		C36D3ECD2CF356ED008FE62B /* GoogleService-Info.plist */ = {isa = PBXFileReference; fileEncoding = 4; lastKnownFileType = text.plist.xml; path = "GoogleService-Info.plist"; sourceTree = "<group>"; };
		C36D3EF82CF36251008FE62B /* RegisterViewController.swift */ = {isa = PBXFileReference; lastKnownFileType = sourcecode.swift; path = RegisterViewController.swift; sourceTree = "<group>"; };
		C36D3EFB2CF36267008FE62B /* RegisterViewModel.swift */ = {isa = PBXFileReference; lastKnownFileType = sourcecode.swift; path = RegisterViewModel.swift; sourceTree = "<group>"; };
		C36D3EFE2CF36286008FE62B /* PassResViewController.swift */ = {isa = PBXFileReference; lastKnownFileType = sourcecode.swift; path = PassResViewController.swift; sourceTree = "<group>"; };
		C36D3F012CF3629E008FE62B /* PassResViewModel.swift */ = {isa = PBXFileReference; lastKnownFileType = sourcecode.swift; path = PassResViewModel.swift; sourceTree = "<group>"; };
		C37B42552CF4E41500A03C4D /* NetworkLayer.swift */ = {isa = PBXFileReference; lastKnownFileType = sourcecode.swift; path = NetworkLayer.swift; sourceTree = "<group>"; };
		C3986A052CFA60640085521A /* DetailViewController.swift */ = {isa = PBXFileReference; lastKnownFileType = sourcecode.swift; path = DetailViewController.swift; sourceTree = "<group>"; };
		C3B21C872CF9EAF8005878F9 /* MoreViewController.swift */ = {isa = PBXFileReference; lastKnownFileType = sourcecode.swift; path = MoreViewController.swift; sourceTree = "<group>"; };
		C3B21C892CF9EB02005878F9 /* MoreViewModel.swift */ = {isa = PBXFileReference; lastKnownFileType = sourcecode.swift; path = MoreViewModel.swift; sourceTree = "<group>"; };
		C3B21C8D2CF9ECCA005878F9 /* MoreViewController+TableView.swift */ = {isa = PBXFileReference; lastKnownFileType = sourcecode.swift; path = "MoreViewController+TableView.swift"; sourceTree = "<group>"; };
		C3B21C8F2CF9ED3B005878F9 /* FoodTableViewCell.swift */ = {isa = PBXFileReference; lastKnownFileType = sourcecode.swift; path = FoodTableViewCell.swift; sourceTree = "<group>"; };
		C3B21C902CF9ED3B005878F9 /* FoodTableViewCell.xib */ = {isa = PBXFileReference; lastKnownFileType = file.xib; path = FoodTableViewCell.xib; sourceTree = "<group>"; };
		C3FDC2C32CF7A5F0001BD056 /* CollectionView+HomeViewController.swift */ = {isa = PBXFileReference; lastKnownFileType = sourcecode.swift; path = "CollectionView+HomeViewController.swift"; sourceTree = "<group>"; };
/* End PBXFileReference section */

/* Begin PBXFrameworksBuildPhase section */
		C36D3E9A2CF34534008FE62B /* Frameworks */ = {
			isa = PBXFrameworksBuildPhase;
			buildActionMask = 2147483647;
			files = (
				C36D3ECC2CF355B4008FE62B /* Kingfisher in Frameworks */,
				C36D3EF02CF35DAE008FE62B /* FirebaseCore in Frameworks */,
				C36D3EF22CF35DAE008FE62B /* FirebaseDatabase in Frameworks */,
				C36D3EF42CF35DAE008FE62B /* FirebaseFirestore in Frameworks */,
				C36D3EEE2CF35DAE008FE62B /* FirebaseAuth in Frameworks */,
				C36D3EF62CF35DAE008FE62B /* FirebaseStorage in Frameworks */,
			);
			runOnlyForDeploymentPostprocessing = 0;
		};
/* End PBXFrameworksBuildPhase section */

/* Begin PBXGroup section */
		C32CBEF62CF89C860016F444 /* Extension */ = {
			isa = PBXGroup;
			children = (
				C32CBEF72CF89C990016F444 /* UIView+Extension.swift */,
			);
			path = Extension;
			sourceTree = "<group>";
		};
		C36D3E942CF34534008FE62B = {
			isa = PBXGroup;
			children = (
				C36D3E9F2CF34534008FE62B /* CheapEats */,
				C36D3E9E2CF34534008FE62B /* Products */,
			);
			sourceTree = "<group>";
		};
		C36D3E9E2CF34534008FE62B /* Products */ = {
			isa = PBXGroup;
			children = (
				C36D3E9D2CF34534008FE62B /* CheapEats.app */,
			);
			name = Products;
			sourceTree = "<group>";
		};
		C36D3E9F2CF34534008FE62B /* CheapEats */ = {
			isa = PBXGroup;
			children = (
				C36D3EB42CF34A75008FE62B /* Core */,
				C36D3EB52CF34A7B008FE62B /* Feature */,
				C36D3EA62CF34534008FE62B /* Main.storyboard */,
				C36D3EAE2CF34535008FE62B /* Info.plist */,
				C36D3ECD2CF356ED008FE62B /* GoogleService-Info.plist */,
			);
			path = CheapEats;
			sourceTree = "<group>";
		};
		C36D3EB42CF34A75008FE62B /* Core */ = {
			isa = PBXGroup;
			children = (
				C36D3EA02CF34534008FE62B /* AppDelegate.swift */,
				C36D3EA22CF34534008FE62B /* SceneDelegate.swift */,
				C36D3EA92CF34535008FE62B /* Assets.xcassets */,
				C36D3EAB2CF34535008FE62B /* LaunchScreen.storyboard */,
			);
			path = Core;
			sourceTree = "<group>";
		};
		C36D3EB52CF34A7B008FE62B /* Feature */ = {
			isa = PBXGroup;
			children = (
				C32CBEF62CF89C860016F444 /* Extension */,
				C37B42542CF4E3F800A03C4D /* NetworkLayer */,
				C36D3EB62CF34ACF008FE62B /* Model */,
				C36D3EB72CF34AD7008FE62B /* View */,
				C36D3EB82CF34ADB008FE62B /* ViewModel */,
			);
			path = Feature;
			sourceTree = "<group>";
		};
		C36D3EB62CF34ACF008FE62B /* Model */ = {
			isa = PBXGroup;
			children = (
				C32CBEF92CF8A2110016F444 /* Users.swift */,
				C32CBEFB2CF8AB880016F444 /* UserManager.swift */,
				7E65B2252CFCF8C800A57E67 /* OrderDetail.swift */,
			);
			path = Model;
			sourceTree = "<group>";
		};
		C36D3EB72CF34AD7008FE62B /* View */ = {
			isa = PBXGroup;
			children = (
				C3FDC2C22CF7A5B7001BD056 /* SubView */,
				C3FDC2C72CF7A6CA001BD056 /* Home */,
				C3B21C8C2CF9EC98005878F9 /* More */,
				C36D3EFE2CF36286008FE62B /* PassResViewController.swift */,
				C36D3EF82CF36251008FE62B /* RegisterViewController.swift */,
				C36D3EC42CF353E3008FE62B /* LoginViewController.swift */,
				C3986A052CFA60640085521A /* DetailViewController.swift */,
			);
			path = View;
			sourceTree = "<group>";
		};
		C36D3EB82CF34ADB008FE62B /* ViewModel */ = {
			isa = PBXGroup;
			children = (
				C36D3F012CF3629E008FE62B /* PassResViewModel.swift */,
				C36D3EFB2CF36267008FE62B /* RegisterViewModel.swift */,
				C36D3EC82CF3540B008FE62B /* LoginViewModel.swift */,
				C36D3EC12CF34C4A008FE62B /* HomeViewModel.swift */,
				C3B21C892CF9EB02005878F9 /* MoreViewModel.swift */,
				C301F7752CFA60AC000E7B99 /* DetailViewModel.swift */,
				7E2472562CFC627A0078619E /* OrdersDetailViewModel.swift */,
			);
			path = ViewModel;
			sourceTree = "<group>";
		};
		C37B42542CF4E3F800A03C4D /* NetworkLayer */ = {
			isa = PBXGroup;
			children = (
				C37B42552CF4E41500A03C4D /* NetworkLayer.swift */,
			);
			path = NetworkLayer;
			sourceTree = "<group>";
		};
		C3B21C8C2CF9EC98005878F9 /* More */ = {
			isa = PBXGroup;
			children = (
				C3B21C872CF9EAF8005878F9 /* MoreViewController.swift */,
				C3B21C8D2CF9ECCA005878F9 /* MoreViewController+TableView.swift */,
				C301F7772CFA6542000E7B99 /* MoreViewController+Search.swift */,
			);
			path = More;
			sourceTree = "<group>";
		};
		C3FDC2C22CF7A5B7001BD056 /* SubView */ = {
			isa = PBXGroup;
			children = (
				C36C1B0A2CF657A3007A96B4 /* OrderCollectionViewCell.swift */,
				C36C1B0B2CF657A3007A96B4 /* OrderCollectionViewCell.xib */,
				C3B21C8F2CF9ED3B005878F9 /* FoodTableViewCell.swift */,
				C3B21C902CF9ED3B005878F9 /* FoodTableViewCell.xib */,
				7E8FB72A2CFB43EB005AA2E4 /* OrdersTableViewCell.swift */,
				7E8FB72B2CFB43EB005AA2E4 /* OrdersTableViewCell.xib */,
			);
			path = SubView;
			sourceTree = "<group>";
		};
		C3FDC2C72CF7A6CA001BD056 /* Home */ = {
			isa = PBXGroup;
			children = (
				C36D3EA42CF34534008FE62B /* HomeViewController.swift */,
				C3FDC2C32CF7A5F0001BD056 /* CollectionView+HomeViewController.swift */,
				7E2472502CFBAB390078619E /* OrdersViewController.swift */,
				7E2472522CFBAB590078619E /* OrdersViewController+TableView.swift */,
				7E2472542CFBBD970078619E /* OrdersDetailViewController.swift */,
			);
			path = Home;
			sourceTree = "<group>";
		};
/* End PBXGroup section */

/* Begin PBXNativeTarget section */
		C36D3E9C2CF34534008FE62B /* CheapEats */ = {
			isa = PBXNativeTarget;
			buildConfigurationList = C36D3EB12CF34535008FE62B /* Build configuration list for PBXNativeTarget "CheapEats" */;
			buildPhases = (
				C36D3E992CF34534008FE62B /* Sources */,
				C36D3E9A2CF34534008FE62B /* Frameworks */,
				C36D3E9B2CF34534008FE62B /* Resources */,
			);
			buildRules = (
			);
			dependencies = (
			);
			name = CheapEats;
			packageProductDependencies = (
				C36D3ECB2CF355B4008FE62B /* Kingfisher */,
				C36D3EED2CF35DAE008FE62B /* FirebaseAuth */,
				C36D3EEF2CF35DAE008FE62B /* FirebaseCore */,
				C36D3EF12CF35DAE008FE62B /* FirebaseDatabase */,
				C36D3EF32CF35DAE008FE62B /* FirebaseFirestore */,
				C36D3EF52CF35DAE008FE62B /* FirebaseStorage */,
			);
			productName = CheapEats;
			productReference = C36D3E9D2CF34534008FE62B /* CheapEats.app */;
			productType = "com.apple.product-type.application";
		};
/* End PBXNativeTarget section */

/* Begin PBXProject section */
		C36D3E952CF34534008FE62B /* Project object */ = {
			isa = PBXProject;
			attributes = {
				BuildIndependentTargetsInParallel = 1;
				LastSwiftUpdateCheck = 1530;
				LastUpgradeCheck = 1530;
				TargetAttributes = {
					C36D3E9C2CF34534008FE62B = {
						CreatedOnToolsVersion = 15.3;
					};
				};
			};
			buildConfigurationList = C36D3E982CF34534008FE62B /* Build configuration list for PBXProject "CheapEats" */;
			compatibilityVersion = "Xcode 14.0";
			developmentRegion = en;
			hasScannedForEncodings = 0;
			knownRegions = (
				en,
				Base,
			);
			mainGroup = C36D3E942CF34534008FE62B;
			packageReferences = (
				C36D3ECA2CF355B4008FE62B /* XCRemoteSwiftPackageReference "Kingfisher" */,
				C36D3EEC2CF35DAE008FE62B /* XCRemoteSwiftPackageReference "firebase-ios-sdk" */,
			);
			productRefGroup = C36D3E9E2CF34534008FE62B /* Products */;
			projectDirPath = "";
			projectRoot = "";
			targets = (
				C36D3E9C2CF34534008FE62B /* CheapEats */,
			);
		};
/* End PBXProject section */

/* Begin PBXResourcesBuildPhase section */
		C36D3E9B2CF34534008FE62B /* Resources */ = {
			isa = PBXResourcesBuildPhase;
			buildActionMask = 2147483647;
			files = (
				C36D3EAA2CF34535008FE62B /* Assets.xcassets in Resources */,
				C36D3ECE2CF356ED008FE62B /* GoogleService-Info.plist in Resources */,
				C36D3EAD2CF34535008FE62B /* Base in Resources */,
				C36D3EA82CF34534008FE62B /* Base in Resources */,
				7E8FB72D2CFB43EB005AA2E4 /* OrdersTableViewCell.xib in Resources */,
				C36C1B0D2CF657A3007A96B4 /* OrderCollectionViewCell.xib in Resources */,
				C3B21C922CF9ED3B005878F9 /* FoodTableViewCell.xib in Resources */,
			);
			runOnlyForDeploymentPostprocessing = 0;
		};
/* End PBXResourcesBuildPhase section */

/* Begin PBXSourcesBuildPhase section */
		C36D3E992CF34534008FE62B /* Sources */ = {
			isa = PBXSourcesBuildPhase;
			buildActionMask = 2147483647;
			files = (
				7E2472512CFBAB390078619E /* OrdersViewController.swift in Sources */,
				C36D3EA52CF34534008FE62B /* HomeViewController.swift in Sources */,
				7E2472572CFC627A0078619E /* OrdersDetailViewModel.swift in Sources */,
				C36D3EA12CF34534008FE62B /* AppDelegate.swift in Sources */,
				C36D3EF92CF36251008FE62B /* RegisterViewController.swift in Sources */,
				C36D3EFF2CF36286008FE62B /* PassResViewController.swift in Sources */,
				C36D3EFC2CF36267008FE62B /* RegisterViewModel.swift in Sources */,
				C37B42562CF4E41500A03C4D /* NetworkLayer.swift in Sources */,
				7E2472552CFBBD970078619E /* OrdersDetailViewController.swift in Sources */,
				C3986A062CFA60640085521A /* DetailViewController.swift in Sources */,
				C3B21C882CF9EAF8005878F9 /* MoreViewController.swift in Sources */,
				C32CBEFC2CF8AB880016F444 /* UserManager.swift in Sources */,
				C301F7782CFA6542000E7B99 /* MoreViewController+Search.swift in Sources */,
				7E2472532CFBAB590078619E /* OrdersViewController+TableView.swift in Sources */,
				C301F7762CFA60AC000E7B99 /* DetailViewModel.swift in Sources */,
				C3FDC2C42CF7A5F0001BD056 /* CollectionView+HomeViewController.swift in Sources */,
				C3B21C8A2CF9EB02005878F9 /* MoreViewModel.swift in Sources */,
				C36D3EC92CF3540B008FE62B /* LoginViewModel.swift in Sources */,
				C32CBEFA2CF8A2110016F444 /* Users.swift in Sources */,
				7E65B2262CFCF8C800A57E67 /* OrderDetail.swift in Sources */,
				C3B21C8E2CF9ECCA005878F9 /* MoreViewController+TableView.swift in Sources */,
				C32CBEF82CF89C990016F444 /* UIView+Extension.swift in Sources */,
				C36C1B0C2CF657A3007A96B4 /* OrderCollectionViewCell.swift in Sources */,
				C36D3EA32CF34534008FE62B /* SceneDelegate.swift in Sources */,
				C36D3EC52CF353E3008FE62B /* LoginViewController.swift in Sources */,
				C3B21C912CF9ED3B005878F9 /* FoodTableViewCell.swift in Sources */,
				C36D3F022CF3629E008FE62B /* PassResViewModel.swift in Sources */,
				7E8FB72C2CFB43EB005AA2E4 /* OrdersTableViewCell.swift in Sources */,
				C36D3EC22CF34C4A008FE62B /* HomeViewModel.swift in Sources */,
			);
			runOnlyForDeploymentPostprocessing = 0;
		};
/* End PBXSourcesBuildPhase section */

/* Begin PBXVariantGroup section */
		C36D3EA62CF34534008FE62B /* Main.storyboard */ = {
			isa = PBXVariantGroup;
			children = (
				C36D3EA72CF34534008FE62B /* Base */,
			);
			name = Main.storyboard;
			sourceTree = "<group>";
		};
		C36D3EAB2CF34535008FE62B /* LaunchScreen.storyboard */ = {
			isa = PBXVariantGroup;
			children = (
				C36D3EAC2CF34535008FE62B /* Base */,
			);
			name = LaunchScreen.storyboard;
			sourceTree = "<group>";
		};
/* End PBXVariantGroup section */

/* Begin XCBuildConfiguration section */
		C36D3EAF2CF34535008FE62B /* Debug */ = {
			isa = XCBuildConfiguration;
			buildSettings = {
				ALWAYS_SEARCH_USER_PATHS = NO;
				ASSETCATALOG_COMPILER_GENERATE_SWIFT_ASSET_SYMBOL_EXTENSIONS = YES;
				CLANG_ANALYZER_NONNULL = YES;
				CLANG_ANALYZER_NUMBER_OBJECT_CONVERSION = YES_AGGRESSIVE;
				CLANG_CXX_LANGUAGE_STANDARD = "gnu++20";
				CLANG_ENABLE_MODULES = YES;
				CLANG_ENABLE_OBJC_ARC = YES;
				CLANG_ENABLE_OBJC_WEAK = YES;
				CLANG_WARN_BLOCK_CAPTURE_AUTORELEASING = YES;
				CLANG_WARN_BOOL_CONVERSION = YES;
				CLANG_WARN_COMMA = YES;
				CLANG_WARN_CONSTANT_CONVERSION = YES;
				CLANG_WARN_DEPRECATED_OBJC_IMPLEMENTATIONS = YES;
				CLANG_WARN_DIRECT_OBJC_ISA_USAGE = YES_ERROR;
				CLANG_WARN_DOCUMENTATION_COMMENTS = YES;
				CLANG_WARN_EMPTY_BODY = YES;
				CLANG_WARN_ENUM_CONVERSION = YES;
				CLANG_WARN_INFINITE_RECURSION = YES;
				CLANG_WARN_INT_CONVERSION = YES;
				CLANG_WARN_NON_LITERAL_NULL_CONVERSION = YES;
				CLANG_WARN_OBJC_IMPLICIT_RETAIN_SELF = YES;
				CLANG_WARN_OBJC_LITERAL_CONVERSION = YES;
				CLANG_WARN_OBJC_ROOT_CLASS = YES_ERROR;
				CLANG_WARN_QUOTED_INCLUDE_IN_FRAMEWORK_HEADER = YES;
				CLANG_WARN_RANGE_LOOP_ANALYSIS = YES;
				CLANG_WARN_STRICT_PROTOTYPES = YES;
				CLANG_WARN_SUSPICIOUS_MOVE = YES;
				CLANG_WARN_UNGUARDED_AVAILABILITY = YES_AGGRESSIVE;
				CLANG_WARN_UNREACHABLE_CODE = YES;
				CLANG_WARN__DUPLICATE_METHOD_MATCH = YES;
				COPY_PHASE_STRIP = NO;
				DEBUG_INFORMATION_FORMAT = dwarf;
				ENABLE_STRICT_OBJC_MSGSEND = YES;
				ENABLE_TESTABILITY = YES;
				ENABLE_USER_SCRIPT_SANDBOXING = YES;
				GCC_C_LANGUAGE_STANDARD = gnu17;
				GCC_DYNAMIC_NO_PIC = NO;
				GCC_NO_COMMON_BLOCKS = YES;
				GCC_OPTIMIZATION_LEVEL = 0;
				GCC_PREPROCESSOR_DEFINITIONS = (
					"DEBUG=1",
					"$(inherited)",
				);
				GCC_WARN_64_TO_32_BIT_CONVERSION = YES;
				GCC_WARN_ABOUT_RETURN_TYPE = YES_ERROR;
				GCC_WARN_UNDECLARED_SELECTOR = YES;
				GCC_WARN_UNINITIALIZED_AUTOS = YES_AGGRESSIVE;
				GCC_WARN_UNUSED_FUNCTION = YES;
				GCC_WARN_UNUSED_VARIABLE = YES;
				IPHONEOS_DEPLOYMENT_TARGET = 17.4;
				LOCALIZATION_PREFERS_STRING_CATALOGS = YES;
				MTL_ENABLE_DEBUG_INFO = INCLUDE_SOURCE;
				MTL_FAST_MATH = YES;
				ONLY_ACTIVE_ARCH = YES;
				SDKROOT = iphoneos;
				SWIFT_ACTIVE_COMPILATION_CONDITIONS = "DEBUG $(inherited)";
				SWIFT_OPTIMIZATION_LEVEL = "-Onone";
			};
			name = Debug;
		};
		C36D3EB02CF34535008FE62B /* Release */ = {
			isa = XCBuildConfiguration;
			buildSettings = {
				ALWAYS_SEARCH_USER_PATHS = NO;
				ASSETCATALOG_COMPILER_GENERATE_SWIFT_ASSET_SYMBOL_EXTENSIONS = YES;
				CLANG_ANALYZER_NONNULL = YES;
				CLANG_ANALYZER_NUMBER_OBJECT_CONVERSION = YES_AGGRESSIVE;
				CLANG_CXX_LANGUAGE_STANDARD = "gnu++20";
				CLANG_ENABLE_MODULES = YES;
				CLANG_ENABLE_OBJC_ARC = YES;
				CLANG_ENABLE_OBJC_WEAK = YES;
				CLANG_WARN_BLOCK_CAPTURE_AUTORELEASING = YES;
				CLANG_WARN_BOOL_CONVERSION = YES;
				CLANG_WARN_COMMA = YES;
				CLANG_WARN_CONSTANT_CONVERSION = YES;
				CLANG_WARN_DEPRECATED_OBJC_IMPLEMENTATIONS = YES;
				CLANG_WARN_DIRECT_OBJC_ISA_USAGE = YES_ERROR;
				CLANG_WARN_DOCUMENTATION_COMMENTS = YES;
				CLANG_WARN_EMPTY_BODY = YES;
				CLANG_WARN_ENUM_CONVERSION = YES;
				CLANG_WARN_INFINITE_RECURSION = YES;
				CLANG_WARN_INT_CONVERSION = YES;
				CLANG_WARN_NON_LITERAL_NULL_CONVERSION = YES;
				CLANG_WARN_OBJC_IMPLICIT_RETAIN_SELF = YES;
				CLANG_WARN_OBJC_LITERAL_CONVERSION = YES;
				CLANG_WARN_OBJC_ROOT_CLASS = YES_ERROR;
				CLANG_WARN_QUOTED_INCLUDE_IN_FRAMEWORK_HEADER = YES;
				CLANG_WARN_RANGE_LOOP_ANALYSIS = YES;
				CLANG_WARN_STRICT_PROTOTYPES = YES;
				CLANG_WARN_SUSPICIOUS_MOVE = YES;
				CLANG_WARN_UNGUARDED_AVAILABILITY = YES_AGGRESSIVE;
				CLANG_WARN_UNREACHABLE_CODE = YES;
				CLANG_WARN__DUPLICATE_METHOD_MATCH = YES;
				COPY_PHASE_STRIP = NO;
				DEBUG_INFORMATION_FORMAT = "dwarf-with-dsym";
				ENABLE_NS_ASSERTIONS = NO;
				ENABLE_STRICT_OBJC_MSGSEND = YES;
				ENABLE_USER_SCRIPT_SANDBOXING = YES;
				GCC_C_LANGUAGE_STANDARD = gnu17;
				GCC_NO_COMMON_BLOCKS = YES;
				GCC_WARN_64_TO_32_BIT_CONVERSION = YES;
				GCC_WARN_ABOUT_RETURN_TYPE = YES_ERROR;
				GCC_WARN_UNDECLARED_SELECTOR = YES;
				GCC_WARN_UNINITIALIZED_AUTOS = YES_AGGRESSIVE;
				GCC_WARN_UNUSED_FUNCTION = YES;
				GCC_WARN_UNUSED_VARIABLE = YES;
				IPHONEOS_DEPLOYMENT_TARGET = 17.4;
				LOCALIZATION_PREFERS_STRING_CATALOGS = YES;
				MTL_ENABLE_DEBUG_INFO = NO;
				MTL_FAST_MATH = YES;
				SDKROOT = iphoneos;
				SWIFT_COMPILATION_MODE = wholemodule;
				VALIDATE_PRODUCT = YES;
			};
			name = Release;
		};
		C36D3EB22CF34535008FE62B /* Debug */ = {
			isa = XCBuildConfiguration;
			buildSettings = {
				ASSETCATALOG_COMPILER_APPICON_NAME = AppIcon;
				ASSETCATALOG_COMPILER_GLOBAL_ACCENT_COLOR_NAME = AccentColor;
				CODE_SIGN_STYLE = Automatic;
				CURRENT_PROJECT_VERSION = 1;
				DEVELOPMENT_TEAM = US4P6S3B5V;
				GENERATE_INFOPLIST_FILE = YES;
				INFOPLIST_FILE = CheapEats/Info.plist;
				INFOPLIST_KEY_UIApplicationSupportsIndirectInputEvents = YES;
				INFOPLIST_KEY_UILaunchStoryboardName = LaunchScreen;
				INFOPLIST_KEY_UIMainStoryboardFile = Main;
				INFOPLIST_KEY_UISupportedInterfaceOrientations = UIInterfaceOrientationPortrait;
				LD_RUNPATH_SEARCH_PATHS = (
					"$(inherited)",
					"@executable_path/Frameworks",
				);
				MARKETING_VERSION = 1.0;
				PRODUCT_BUNDLE_IDENTIFIER = com.emre.CheapEats;
				PRODUCT_NAME = "$(TARGET_NAME)";
				SWIFT_EMIT_LOC_STRINGS = YES;
				SWIFT_VERSION = 5.0;
				TARGETED_DEVICE_FAMILY = "1,2";
			};
			name = Debug;
		};
		C36D3EB32CF34535008FE62B /* Release */ = {
			isa = XCBuildConfiguration;
			buildSettings = {
				ASSETCATALOG_COMPILER_APPICON_NAME = AppIcon;
				ASSETCATALOG_COMPILER_GLOBAL_ACCENT_COLOR_NAME = AccentColor;
				CODE_SIGN_STYLE = Automatic;
				CURRENT_PROJECT_VERSION = 1;
				DEVELOPMENT_TEAM = US4P6S3B5V;
				GENERATE_INFOPLIST_FILE = YES;
				INFOPLIST_FILE = CheapEats/Info.plist;
				INFOPLIST_KEY_UIApplicationSupportsIndirectInputEvents = YES;
				INFOPLIST_KEY_UILaunchStoryboardName = LaunchScreen;
				INFOPLIST_KEY_UIMainStoryboardFile = Main;
				INFOPLIST_KEY_UISupportedInterfaceOrientations = UIInterfaceOrientationPortrait;
				LD_RUNPATH_SEARCH_PATHS = (
					"$(inherited)",
					"@executable_path/Frameworks",
				);
				MARKETING_VERSION = 1.0;
				PRODUCT_BUNDLE_IDENTIFIER = com.emre.CheapEats;
				PRODUCT_NAME = "$(TARGET_NAME)";
				SWIFT_EMIT_LOC_STRINGS = YES;
				SWIFT_VERSION = 5.0;
				TARGETED_DEVICE_FAMILY = "1,2";
			};
			name = Release;
		};
/* End XCBuildConfiguration section */

/* Begin XCConfigurationList section */
		C36D3E982CF34534008FE62B /* Build configuration list for PBXProject "CheapEats" */ = {
			isa = XCConfigurationList;
			buildConfigurations = (
				C36D3EAF2CF34535008FE62B /* Debug */,
				C36D3EB02CF34535008FE62B /* Release */,
			);
			defaultConfigurationIsVisible = 0;
			defaultConfigurationName = Release;
		};
		C36D3EB12CF34535008FE62B /* Build configuration list for PBXNativeTarget "CheapEats" */ = {
			isa = XCConfigurationList;
			buildConfigurations = (
				C36D3EB22CF34535008FE62B /* Debug */,
				C36D3EB32CF34535008FE62B /* Release */,
			);
			defaultConfigurationIsVisible = 0;
			defaultConfigurationName = Release;
		};
/* End XCConfigurationList section */

/* Begin XCRemoteSwiftPackageReference section */
		C36D3ECA2CF355B4008FE62B /* XCRemoteSwiftPackageReference "Kingfisher" */ = {
			isa = XCRemoteSwiftPackageReference;
			repositoryURL = "https://github.com/onevcat/Kingfisher.git";
			requirement = {
				kind = upToNextMajorVersion;
				minimumVersion = 8.1.1;
			};
		};
		C36D3EEC2CF35DAE008FE62B /* XCRemoteSwiftPackageReference "firebase-ios-sdk" */ = {
			isa = XCRemoteSwiftPackageReference;
			repositoryURL = "https://github.com/firebase/firebase-ios-sdk";
			requirement = {
				kind = upToNextMajorVersion;
				minimumVersion = 11.5.0;
			};
		};
/* End XCRemoteSwiftPackageReference section */

/* Begin XCSwiftPackageProductDependency section */
		C36D3ECB2CF355B4008FE62B /* Kingfisher */ = {
			isa = XCSwiftPackageProductDependency;
			package = C36D3ECA2CF355B4008FE62B /* XCRemoteSwiftPackageReference "Kingfisher" */;
			productName = Kingfisher;
		};
		C36D3EED2CF35DAE008FE62B /* FirebaseAuth */ = {
			isa = XCSwiftPackageProductDependency;
			package = C36D3EEC2CF35DAE008FE62B /* XCRemoteSwiftPackageReference "firebase-ios-sdk" */;
			productName = FirebaseAuth;
		};
		C36D3EEF2CF35DAE008FE62B /* FirebaseCore */ = {
			isa = XCSwiftPackageProductDependency;
			package = C36D3EEC2CF35DAE008FE62B /* XCRemoteSwiftPackageReference "firebase-ios-sdk" */;
			productName = FirebaseCore;
		};
		C36D3EF12CF35DAE008FE62B /* FirebaseDatabase */ = {
			isa = XCSwiftPackageProductDependency;
			package = C36D3EEC2CF35DAE008FE62B /* XCRemoteSwiftPackageReference "firebase-ios-sdk" */;
			productName = FirebaseDatabase;
		};
		C36D3EF32CF35DAE008FE62B /* FirebaseFirestore */ = {
			isa = XCSwiftPackageProductDependency;
			package = C36D3EEC2CF35DAE008FE62B /* XCRemoteSwiftPackageReference "firebase-ios-sdk" */;
			productName = FirebaseFirestore;
		};
		C36D3EF52CF35DAE008FE62B /* FirebaseStorage */ = {
			isa = XCSwiftPackageProductDependency;
			package = C36D3EEC2CF35DAE008FE62B /* XCRemoteSwiftPackageReference "firebase-ios-sdk" */;
			productName = FirebaseStorage;
		};
/* End XCSwiftPackageProductDependency section */
	};
	rootObject = C36D3E952CF34534008FE62B /* Project object */;
}
